<?xml version="1.0" encoding="utf-8"?>
<Project ToolsVersion="4.0" xmlns="http://schemas.microsoft.com/developer/msbuild/2003">
  <ItemGroup>
    <Filter Include="assets">
      <UniqueIdentifier>{6380913e-b309-4e6a-b5d5-b8e144c2d9d9}</UniqueIdentifier>
    </Filter>
    <Filter Include="template">
      <UniqueIdentifier>{33bea4a6-3f9a-4e27-adea-5b6e51fa1043}</UniqueIdentifier>
    </Filter>
    <Filter Include="assets\shaders">
      <UniqueIdentifier>{64a104ef-1425-4b0a-9e6f-15bb8e24f0e2}</UniqueIdentifier>
    </Filter>
  </ItemGroup>
  <ItemGroup>
    <ClCompile Include="game.cpp" />
    <ClCompile Include="template\template.cpp">
      <Filter>template</Filter>
    </ClCompile>
    <ClCompile Include="template\opengl.cpp">
      <Filter>template</Filter>
    </ClCompile>
    <ClCompile Include="template\template.h">
      <Filter>template</Filter>
    </ClCompile>
    <ClCompile Include="src\Triangle.cpp" />
    <ClCompile Include="src\Texture.cpp" />
    <ClCompile Include="src\Timer.cpp" />
    <ClCompile Include="src\Camera.cpp" />
    <ClCompile Include="src\physics\World.cpp" />
    <ClCompile Include="src\physics\DebugRenderer.cpp" />
    <ClCompile Include="src\model_loading\StaticMesh.cpp" />
    <ClCompile Include="src\model_loading\StaticModel.cpp" />
    <ClCompile Include="src\tiles\Tile.cpp" />
    <ClCompile Include="template\surface.cpp" />
    <ClCompile Include="template\sprite.cpp" />
    <ClCompile Include="src\lighting\Sun.cpp" />
    <ClCompile Include="src\skybox\Skybox.cpp" />
    <ClCompile Include="src\PlayerCharacter.cpp" />
    <ClCompile Include="src\KeyboardManager.cpp" />
    <ClCompile Include="src\model_loading\SkinnedMesh.cpp" />
    <ClCompile Include="src\physics\GameObject.cpp" />
    <ClCompile Include="src\tiles\Chunk.cpp" />
    <ClCompile Include="src\physics\CoinTrigger.cpp" />
    <ClCompile Include="src\physics\GroundCollision.cpp" />
    <ClCompile Include="src\physics\PlayerCollisions.cpp" />
    <ClCompile Include="src\tiles\CoinTile.cpp" />
    <ClCompile Include="src\tiles\GroundTile.cpp" />
    <ClCompile Include="src\tiles\ModelTileFactory.cpp" />
    <ClCompile Include="src\tiles\TileFactory.cpp" />
    <ClCompile Include="src\tiles\ChunkManager.cpp" />
    <ClCompile Include="template\EventArgs.cpp" />
    <ClCompile Include="src\tiles\ObstacleTile.cpp" />
    <ClCompile Include="src\physics\ObstacleTrigger.cpp" />
    <ClCompile Include="src\lighting\LightManager.cpp" />
    <ClCompile Include="src\lighting\PointLight.cpp" />
    <ClCompile Include="src\model_loading\SkinnedModel.cpp" />
    <ClCompile Include="src\animator\Animator.cpp" />
    <ClCompile Include="src\animator\Animation.cpp" />
    <ClCompile Include="src\animator\Bone.cpp" />
    <ClCompile Include="src\model_loading\ogldev_util.cpp" />
    <ClCompile Include="external\glm\detail\glm.cpp" />
    <ClCompile Include="external\Imgui\imgui.cpp" />
    <ClCompile Include="external\Imgui\imgui_demo.cpp" />
    <ClCompile Include="external\Imgui\imgui_draw.cpp" />
    <ClCompile Include="external\Imgui\imgui_impl_opengl3.cpp" />
    <ClCompile Include="external\Imgui\imgui_tables.cpp" />
    <ClCompile Include="external\Imgui\imgui_widgets.cpp" />
  </ItemGroup>
  <ItemGroup>
    <ClInclude Include="game.h" />
    <ClInclude Include="template\opengl.h">
      <Filter>template</Filter>
    </ClInclude>
    <ClInclude Include="src\Triangle.h" />
    <ClInclude Include="src\Texture.h" />
    <ClInclude Include="src\Timer.h" />
    <ClInclude Include="src\Camera.h" />
    <ClInclude Include="src\physics\World.h" />
    <ClInclude Include="src\physics\DebugRenderer.h" />
    <ClInclude Include="src\model_loading\StaticMesh.h" />
    <ClInclude Include="src\model_loading\StaticModel.h" />
    <ClInclude Include="template\stb_image.h" />
    <ClInclude Include="src\tiles\Tile.h" />
    <ClInclude Include="template\surface.h" />
    <ClInclude Include="template\sprite.h" />
    <ClInclude Include="src\lighting\Sun.h" />
    <ClInclude Include="src\skybox\Skybox.h" />
    <ClInclude Include="src\PlayerCharacter.h" />
    <ClInclude Include="src\KeyboardManager.h" />
    <ClInclude Include="src\model_loading\UtilityAssimp.h" />
    <ClInclude Include="src\model_loading\SkinnedMesh.h" />
    <ClInclude Include="src\physics\GameValues.h" />
    <ClInclude Include="src\physics\GameObject.h" />
    <ClInclude Include="src\BulletWrapper.h" />
    <ClInclude Include="src\tiles\Chunk.h" />
    <ClInclude Include="src\utilities\RandomNumberGenerator.h" />
    <ClInclude Include="src\physics\CoinTrigger.h" />
    <ClInclude Include="src\physics\GroundCollision.h" />
    <ClInclude Include="src\physics\PlayerCollisions.h" />
    <ClInclude Include="src\tiles\ChunkManager.h" />
    <ClInclude Include="src\tiles\CoinTile.h" />
    <ClInclude Include="src\tiles\GroundTile.h" />
    <ClInclude Include="src\tiles\TileFactory.h" />
    <ClInclude Include="template\Delegate.h" />
    <ClInclude Include="template\EventArgs.h" />
    <ClInclude Include="template\optional.hpp" />
    <ClInclude Include="template\signals.hpp" />
    <ClInclude Include="src\tiles\ObstacleTile.h" />
    <ClInclude Include="src\physics\ObstacleTrigger.h" />
    <ClInclude Include="src\tiles\ModelTileFactory.h" />
    <ClInclude Include="src\lighting\PointLight.h" />
    <ClInclude Include="src\lighting\LightManager.h" />
    <ClInclude Include="src\model_loading\SkinnedModel.h" />
    <ClInclude Include="src\BoneInfo.h" />
    <ClInclude Include="src\animator\Animator.h" />
    <ClInclude Include="src\animator\Animation.h" />
    <ClInclude Include="src\animator\Bone.h" />
    <ClInclude Include="src\model_loading\ogldev_math_3d.h" />
    <ClInclude Include="src\model_loading\ogldev_types.h" />
    <ClInclude Include="src\model_loading\ogldev_util.h" />
    <ClInclude Include="external\assimp\Compiler\poppack1.h" />
    <ClInclude Include="external\assimp\Compiler\pstdint.h" />
    <ClInclude Include="external\assimp\Compiler\pushpack1.h" />
    <ClInclude Include="external\assimp\port\AndroidJNI\AndroidJNIIOSystem.h" />
    <ClInclude Include="external\assimp\port\AndroidJNI\BundledAssetIOSystem.h" />
    <ClInclude Include="external\assimp\aabb.h" />
    <ClInclude Include="external\assimp\ai_assert.h" />
    <ClInclude Include="external\assimp\anim.h" />
    <ClInclude Include="external\assimp\AssertHandler.h" />
    <ClInclude Include="external\assimp\Base64.hpp" />
    <ClInclude Include="external\assimp\BaseImporter.h" />
    <ClInclude Include="external\assimp\Bitmap.h" />
    <ClInclude Include="external\assimp\BlobIOSystem.h" />
    <ClInclude Include="external\assimp\ByteSwapper.h" />
    <ClInclude Include="external\assimp\camera.h" />
    <ClInclude Include="external\assimp\cexport.h" />
    <ClInclude Include="external\assimp\cfileio.h" />
    <ClInclude Include="external\assimp\cimport.h" />
    <ClInclude Include="external\assimp\ColladaMetaData.h" />
    <ClInclude Include="external\assimp\color4.h" />
    <ClInclude Include="external\assimp\commonMetaData.h" />
    <ClInclude Include="external\assimp\config.h" />
    <ClInclude Include="external\assimp\CreateAnimMesh.h" />
    <ClInclude Include="external\assimp\DefaultIOStream.h" />
    <ClInclude Include="external\assimp\DefaultIOSystem.h" />
    <ClInclude Include="external\assimp\DefaultLogger.hpp" />
    <ClInclude Include="external\assimp\defs.h" />
    <ClInclude Include="external\assimp\Exceptional.h" />
    <ClInclude Include="external\assimp\Exporter.hpp" />
    <ClInclude Include="external\assimp\fast_atof.h" />
    <ClInclude Include="external\assimp\GenericProperty.h" />
    <ClInclude Include="external\assimp\GltfMaterial.h" />
    <ClInclude Include="external\assimp\Hash.h" />
    <ClInclude Include="external\assimp\Importer.hpp" />
    <ClInclude Include="external\assimp\importerdesc.h" />
    <ClInclude Include="external\assimp\IOStream.hpp" />
    <ClInclude Include="external\assimp\IOStreamBuffer.h" />
    <ClInclude Include="external\assimp\IOSystem.hpp" />
    <ClInclude Include="external\assimp\light.h" />
    <ClInclude Include="external\assimp\LineSplitter.h" />
    <ClInclude Include="external\assimp\LogAux.h" />
    <ClInclude Include="external\assimp\Logger.hpp" />
    <ClInclude Include="external\assimp\LogStream.hpp" />
    <ClInclude Include="external\assimp\material.h" />
    <ClInclude Include="external\assimp\MathFunctions.h" />
    <ClInclude Include="external\assimp\matrix3x3.h" />
    <ClInclude Include="external\assimp\matrix4x4.h" />
    <ClInclude Include="external\assimp\MemoryIOWrapper.h" />
    <ClInclude Include="external\assimp\mesh.h" />
    <ClInclude Include="external\assimp\metadata.h" />
    <ClInclude Include="external\assimp\NullLogger.hpp" />
    <ClInclude Include="external\assimp\ObjMaterial.h" />
    <ClInclude Include="external\assimp\ParsingUtils.h" />
    <ClInclude Include="external\assimp\pbrmaterial.h" />
    <ClInclude Include="external\assimp\postprocess.h" />
    <ClInclude Include="external\assimp\Profiler.h" />
    <ClInclude Include="external\assimp\ProgressHandler.hpp" />
    <ClInclude Include="external\assimp\qnan.h" />
    <ClInclude Include="external\assimp\quaternion.h" />
    <ClInclude Include="external\assimp\RemoveComments.h" />
    <ClInclude Include="external\assimp\scene.h" />
    <ClInclude Include="external\assimp\SceneCombiner.h" />
    <ClInclude Include="external\assimp\SGSpatialSort.h" />
    <ClInclude Include="external\assimp\SkeletonMeshBuilder.h" />
    <ClInclude Include="external\assimp\SmallVector.h" />
    <ClInclude Include="external\assimp\SmoothingGroups.h" />
    <ClInclude Include="external\assimp\SpatialSort.h" />
    <ClInclude Include="external\assimp\StandardShapes.h" />
    <ClInclude Include="external\assimp\StreamReader.h" />
    <ClInclude Include="external\assimp\StreamWriter.h" />
    <ClInclude Include="external\assimp\StringComparison.h" />
    <ClInclude Include="external\assimp\StringUtils.h" />
    <ClInclude Include="external\assimp\Subdivision.h" />
    <ClInclude Include="external\assimp\texture.h" />
    <ClInclude Include="external\assimp\TinyFormatter.h" />
    <ClInclude Include="external\assimp\types.h" />
    <ClInclude Include="external\assimp\vector2.h" />
    <ClInclude Include="external\assimp\vector3.h" />
    <ClInclude Include="external\assimp\version.h" />
    <ClInclude Include="external\assimp\Vertex.h" />
    <ClInclude Include="external\assimp\XmlParser.h" />
    <ClInclude Include="external\assimp\XMLTools.h" />
    <ClInclude Include="external\assimp\ZipArchiveIOSystem.h" />
    <ClInclude Include="external\bullet\Bullet3Collision\BroadPhaseCollision\shared\b3Aabb.h" />
    <ClInclude Include="external\bullet\Bullet3Collision\BroadPhaseCollision\b3BroadphaseCallback.h" />
    <ClInclude Include="external\bullet\Bullet3Collision\BroadPhaseCollision\b3DynamicBvh.h" />
    <ClInclude Include="external\bullet\Bullet3Collision\BroadPhaseCollision\b3DynamicBvhBroadphase.h" />
    <ClInclude Include="external\bullet\Bullet3Collision\BroadPhaseCollision\b3OverlappingPair.h" />
    <ClInclude Include="external\bullet\Bullet3Collision\BroadPhaseCollision\b3OverlappingPairCache.h" />
    <ClInclude Include="external\bullet\Bullet3Collision\NarrowPhaseCollision\shared\b3BvhSubtreeInfoData.h" />
    <ClInclude Include="external\bullet\Bullet3Collision\NarrowPhaseCollision\shared\b3BvhTraversal.h" />
    <ClInclude Include="external\bullet\Bullet3Collision\NarrowPhaseCollision\shared\b3ClipFaces.h" />
    <ClInclude Include="external\bullet\Bullet3Collision\NarrowPhaseCollision\shared\b3Collidable.h" />
    <ClInclude Include="external\bullet\Bullet3Collision\NarrowPhaseCollision\shared\b3Contact4Data.h" />
    <ClInclude Include="external\bullet\Bullet3Collision\NarrowPhaseCollision\shared\b3ContactConvexConvexSAT.h" />
    <ClInclude Include="external\bullet\Bullet3Collision\NarrowPhaseCollision\shared\b3ContactSphereSphere.h" />
    <ClInclude Include="external\bullet\Bullet3Collision\NarrowPhaseCollision\shared\b3ConvexPolyhedronData.h" />
    <ClInclude Include="external\bullet\Bullet3Collision\NarrowPhaseCollision\shared\b3FindConcaveSatAxis.h" />
    <ClInclude Include="external\bullet\Bullet3Collision\NarrowPhaseCollision\shared\b3FindSeparatingAxis.h" />
    <ClInclude Include="external\bullet\Bullet3Collision\NarrowPhaseCollision\shared\b3MprPenetration.h" />
    <ClInclude Include="external\bullet\Bullet3Collision\NarrowPhaseCollision\shared\b3NewContactReduction.h" />
    <ClInclude Include="external\bullet\Bullet3Collision\NarrowPhaseCollision\shared\b3QuantizedBvhNodeData.h" />
    <ClInclude Include="external\bullet\Bullet3Collision\NarrowPhaseCollision\shared\b3ReduceContacts.h" />
    <ClInclude Include="external\bullet\Bullet3Collision\NarrowPhaseCollision\shared\b3RigidBodyData.h" />
    <ClInclude Include="external\bullet\Bullet3Collision\NarrowPhaseCollision\shared\b3UpdateAabbs.h" />
    <ClInclude Include="external\bullet\Bullet3Collision\NarrowPhaseCollision\b3Config.h" />
    <ClInclude Include="external\bullet\Bullet3Collision\NarrowPhaseCollision\b3Contact4.h" />
    <ClInclude Include="external\bullet\Bullet3Collision\NarrowPhaseCollision\b3ConvexUtility.h" />
    <ClInclude Include="external\bullet\Bullet3Collision\NarrowPhaseCollision\b3CpuNarrowPhase.h" />
    <ClInclude Include="external\bullet\Bullet3Collision\NarrowPhaseCollision\b3RaycastInfo.h" />
    <ClInclude Include="external\bullet\Bullet3Collision\NarrowPhaseCollision\b3RigidBodyCL.h" />
    <ClInclude Include="external\bullet\Bullet3Common\shared\b3Float4.h" />
    <ClInclude Include="external\bullet\Bullet3Common\shared\b3Int2.h" />
    <ClInclude Include="external\bullet\Bullet3Common\shared\b3Int4.h" />
    <ClInclude Include="external\bullet\Bullet3Common\shared\b3Mat3x3.h" />
    <ClInclude Include="external\bullet\Bullet3Common\shared\b3PlatformDefinitions.h" />
    <ClInclude Include="external\bullet\Bullet3Common\shared\b3Quat.h" />
    <ClInclude Include="external\bullet\Bullet3Common\b3AlignedAllocator.h" />
    <ClInclude Include="external\bullet\Bullet3Common\b3AlignedObjectArray.h" />
    <ClInclude Include="external\bullet\Bullet3Common\b3CommandLineArgs.h" />
    <ClInclude Include="external\bullet\Bullet3Common\b3FileUtils.h" />
    <ClInclude Include="external\bullet\Bullet3Common\b3HashMap.h" />
    <ClInclude Include="external\bullet\Bullet3Common\b3Logging.h" />
    <ClInclude Include="external\bullet\Bullet3Common\b3Matrix3x3.h" />
    <ClInclude Include="external\bullet\Bullet3Common\b3MinMax.h" />
    <ClInclude Include="external\bullet\Bullet3Common\b3PoolAllocator.h" />
    <ClInclude Include="external\bullet\Bullet3Common\b3QuadWord.h" />
    <ClInclude Include="external\bullet\Bullet3Common\b3Quaternion.h" />
    <ClInclude Include="external\bullet\Bullet3Common\b3Random.h" />
    <ClInclude Include="external\bullet\Bullet3Common\b3ResizablePool.h" />
    <ClInclude Include="external\bullet\Bullet3Common\b3Scalar.h" />
    <ClInclude Include="external\bullet\Bullet3Common\b3StackAlloc.h" />
    <ClInclude Include="external\bullet\Bullet3Common\b3Transform.h" />
    <ClInclude Include="external\bullet\Bullet3Common\b3TransformUtil.h" />
    <ClInclude Include="external\bullet\Bullet3Common\b3Vector3.h" />
    <ClInclude Include="external\bullet\Bullet3Dynamics\ConstraintSolver\b3ContactSolverInfo.h" />
    <ClInclude Include="external\bullet\Bullet3Dynamics\ConstraintSolver\b3FixedConstraint.h" />
    <ClInclude Include="external\bullet\Bullet3Dynamics\ConstraintSolver\b3Generic6DofConstraint.h" />
    <ClInclude Include="external\bullet\Bullet3Dynamics\ConstraintSolver\b3JacobianEntry.h" />
    <ClInclude Include="external\bullet\Bullet3Dynamics\ConstraintSolver\b3PgsJacobiSolver.h" />
    <ClInclude Include="external\bullet\Bullet3Dynamics\ConstraintSolver\b3Point2PointConstraint.h" />
    <ClInclude Include="external\bullet\Bullet3Dynamics\ConstraintSolver\b3SolverBody.h" />
    <ClInclude Include="external\bullet\Bullet3Dynamics\ConstraintSolver\b3SolverConstraint.h" />
    <ClInclude Include="external\bullet\Bullet3Dynamics\ConstraintSolver\b3TypedConstraint.h" />
    <ClInclude Include="external\bullet\Bullet3Dynamics\shared\b3ContactConstraint4.h" />
    <ClInclude Include="external\bullet\Bullet3Dynamics\shared\b3ConvertConstraint4.h" />
    <ClInclude Include="external\bullet\Bullet3Dynamics\shared\b3Inertia.h" />
    <ClInclude Include="external\bullet\Bullet3Dynamics\shared\b3IntegrateTransforms.h" />
    <ClInclude Include="external\bullet\Bullet3Dynamics\b3CpuRigidBodyPipeline.h" />
    <ClInclude Include="external\bullet\Bullet3Geometry\b3AabbUtil.h" />
    <ClInclude Include="external\bullet\Bullet3Geometry\b3ConvexHullComputer.h" />
    <ClInclude Include="external\bullet\Bullet3Geometry\b3GeometryUtil.h" />
    <ClInclude Include="external\bullet\Bullet3Geometry\b3GrahamScan2dConvexHull.h" />
    <ClInclude Include="external\bullet\Bullet3OpenCL\BroadphaseCollision\kernels\gridBroadphaseKernels.h" />
    <ClInclude Include="external\bullet\Bullet3OpenCL\BroadphaseCollision\kernels\parallelLinearBvhKernels.h" />
    <ClInclude Include="external\bullet\Bullet3OpenCL\BroadphaseCollision\kernels\sapKernels.h" />
    <ClInclude Include="external\bullet\Bullet3OpenCL\BroadphaseCollision\b3GpuBroadphaseInterface.h" />
    <ClInclude Include="external\bullet\Bullet3OpenCL\BroadphaseCollision\b3GpuGridBroadphase.h" />
    <ClInclude Include="external\bullet\Bullet3OpenCL\BroadphaseCollision\b3GpuParallelLinearBvh.h" />
    <ClInclude Include="external\bullet\Bullet3OpenCL\BroadphaseCollision\b3GpuParallelLinearBvhBroadphase.h" />
    <ClInclude Include="external\bullet\Bullet3OpenCL\BroadphaseCollision\b3GpuSapBroadphase.h" />
    <ClInclude Include="external\bullet\Bullet3OpenCL\BroadphaseCollision\b3SapAabb.h" />
    <ClInclude Include="external\bullet\Bullet3OpenCL\Initialize\b3OpenCLInclude.h" />
    <ClInclude Include="external\bullet\Bullet3OpenCL\Initialize\b3OpenCLUtils.h" />
    <ClInclude Include="external\bullet\Bullet3OpenCL\NarrowphaseCollision\kernels\bvhTraversal.h" />
    <ClInclude Include="external\bullet\Bullet3OpenCL\NarrowphaseCollision\kernels\mprKernels.h" />
    <ClInclude Include="external\bullet\Bullet3OpenCL\NarrowphaseCollision\kernels\primitiveContacts.h" />
    <ClInclude Include="external\bullet\Bullet3OpenCL\NarrowphaseCollision\kernels\satClipHullContacts.h" />
    <ClInclude Include="external\bullet\Bullet3OpenCL\NarrowphaseCollision\kernels\satConcaveKernels.h" />
    <ClInclude Include="external\bullet\Bullet3OpenCL\NarrowphaseCollision\kernels\satKernels.h" />
    <ClInclude Include="external\bullet\Bullet3OpenCL\NarrowphaseCollision\b3BvhInfo.h" />
    <ClInclude Include="external\bullet\Bullet3OpenCL\NarrowphaseCollision\b3ContactCache.h" />
    <ClInclude Include="external\bullet\Bullet3OpenCL\NarrowphaseCollision\b3ConvexHullContact.h" />
    <ClInclude Include="external\bullet\Bullet3OpenCL\NarrowphaseCollision\b3ConvexPolyhedronCL.h" />
    <ClInclude Include="external\bullet\Bullet3OpenCL\NarrowphaseCollision\b3GjkEpa.h" />
    <ClInclude Include="external\bullet\Bullet3OpenCL\NarrowphaseCollision\b3OptimizedBvh.h" />
    <ClInclude Include="external\bullet\Bullet3OpenCL\NarrowphaseCollision\b3QuantizedBvh.h" />
    <ClInclude Include="external\bullet\Bullet3OpenCL\NarrowphaseCollision\b3StridingMeshInterface.h" />
    <ClInclude Include="external\bullet\Bullet3OpenCL\NarrowphaseCollision\b3SupportMappings.h" />
    <ClInclude Include="external\bullet\Bullet3OpenCL\NarrowphaseCollision\b3TriangleCallback.h" />
    <ClInclude Include="external\bullet\Bullet3OpenCL\NarrowphaseCollision\b3TriangleIndexVertexArray.h" />
    <ClInclude Include="external\bullet\Bullet3OpenCL\NarrowphaseCollision\b3VectorFloat4.h" />
    <ClInclude Include="external\bullet\Bullet3OpenCL\NarrowphaseCollision\b3VoronoiSimplexSolver.h" />
    <ClInclude Include="external\bullet\Bullet3OpenCL\ParallelPrimitives\kernels\BoundSearchKernelsCL.h" />
    <ClInclude Include="external\bullet\Bullet3OpenCL\ParallelPrimitives\kernels\CopyKernelsCL.h" />
    <ClInclude Include="external\bullet\Bullet3OpenCL\ParallelPrimitives\kernels\FillKernelsCL.h" />
    <ClInclude Include="external\bullet\Bullet3OpenCL\ParallelPrimitives\kernels\PrefixScanKernelsCL.h" />
    <ClInclude Include="external\bullet\Bullet3OpenCL\ParallelPrimitives\kernels\PrefixScanKernelsFloat4CL.h" />
    <ClInclude Include="external\bullet\Bullet3OpenCL\ParallelPrimitives\kernels\RadixSort32KernelsCL.h" />
    <ClInclude Include="external\bullet\Bullet3OpenCL\ParallelPrimitives\b3BoundSearchCL.h" />
    <ClInclude Include="external\bullet\Bullet3OpenCL\ParallelPrimitives\b3BufferInfoCL.h" />
    <ClInclude Include="external\bullet\Bullet3OpenCL\ParallelPrimitives\b3FillCL.h" />
    <ClInclude Include="external\bullet\Bullet3OpenCL\ParallelPrimitives\b3LauncherCL.h" />
    <ClInclude Include="external\bullet\Bullet3OpenCL\ParallelPrimitives\b3OpenCLArray.h" />
    <ClInclude Include="external\bullet\Bullet3OpenCL\ParallelPrimitives\b3PrefixScanCL.h" />
    <ClInclude Include="external\bullet\Bullet3OpenCL\ParallelPrimitives\b3PrefixScanFloat4CL.h" />
    <ClInclude Include="external\bullet\Bullet3OpenCL\ParallelPrimitives\b3RadixSort32CL.h" />
    <ClInclude Include="external\bullet\Bullet3OpenCL\Raycast\kernels\rayCastKernels.h" />
    <ClInclude Include="external\bullet\Bullet3OpenCL\Raycast\b3GpuRaycast.h" />
    <ClInclude Include="external\bullet\Bullet3OpenCL\RigidBody\kernels\batchingKernels.h" />
    <ClInclude Include="external\bullet\Bullet3OpenCL\RigidBody\kernels\batchingKernelsNew.h" />
    <ClInclude Include="external\bullet\Bullet3OpenCL\RigidBody\kernels\integrateKernel.h" />
    <ClInclude Include="external\bullet\Bullet3OpenCL\RigidBody\kernels\jointSolver.h" />
    <ClInclude Include="external\bullet\Bullet3OpenCL\RigidBody\kernels\solveContact.h" />
    <ClInclude Include="external\bullet\Bullet3OpenCL\RigidBody\kernels\solveFriction.h" />
    <ClInclude Include="external\bullet\Bullet3OpenCL\RigidBody\kernels\solverSetup.h" />
    <ClInclude Include="external\bullet\Bullet3OpenCL\RigidBody\kernels\solverSetup2.h" />
    <ClInclude Include="external\bullet\Bullet3OpenCL\RigidBody\kernels\solverUtils.h" />
    <ClInclude Include="external\bullet\Bullet3OpenCL\RigidBody\kernels\updateAabbsKernel.h" />
    <ClInclude Include="external\bullet\Bullet3OpenCL\RigidBody\b3GpuConstraint4.h" />
    <ClInclude Include="external\bullet\Bullet3OpenCL\RigidBody\b3GpuGenericConstraint.h" />
    <ClInclude Include="external\bullet\Bullet3OpenCL\RigidBody\b3GpuJacobiContactSolver.h" />
    <ClInclude Include="external\bullet\Bullet3OpenCL\RigidBody\b3GpuNarrowPhase.h" />
    <ClInclude Include="external\bullet\Bullet3OpenCL\RigidBody\b3GpuNarrowPhaseInternalData.h" />
    <ClInclude Include="external\bullet\Bullet3OpenCL\RigidBody\b3GpuPgsConstraintSolver.h" />
    <ClInclude Include="external\bullet\Bullet3OpenCL\RigidBody\b3GpuPgsContactSolver.h" />
    <ClInclude Include="external\bullet\Bullet3OpenCL\RigidBody\b3GpuRigidBodyPipeline.h" />
    <ClInclude Include="external\bullet\Bullet3OpenCL\RigidBody\b3GpuRigidBodyPipelineInternalData.h" />
    <ClInclude Include="external\bullet\Bullet3OpenCL\RigidBody\b3GpuSolverBody.h" />
    <ClInclude Include="external\bullet\Bullet3OpenCL\RigidBody\b3GpuSolverConstraint.h" />
    <ClInclude Include="external\bullet\Bullet3OpenCL\RigidBody\b3Solver.h" />
    <ClInclude Include="external\bullet\BulletCollision\BroadphaseCollision\btAxisSweep3.h" />
    <ClInclude Include="external\bullet\BulletCollision\BroadphaseCollision\btAxisSweep3Internal.h" />
    <ClInclude Include="external\bullet\BulletCollision\BroadphaseCollision\btBroadphaseInterface.h" />
    <ClInclude Include="external\bullet\BulletCollision\BroadphaseCollision\btBroadphaseProxy.h" />
    <ClInclude Include="external\bullet\BulletCollision\BroadphaseCollision\btCollisionAlgorithm.h" />
    <ClInclude Include="external\bullet\BulletCollision\BroadphaseCollision\btDbvt.h" />
    <ClInclude Include="external\bullet\BulletCollision\BroadphaseCollision\btDbvtBroadphase.h" />
    <ClInclude Include="external\bullet\BulletCollision\BroadphaseCollision\btDispatcher.h" />
    <ClInclude Include="external\bullet\BulletCollision\BroadphaseCollision\btMultiSapBroadphase.h" />
    <ClInclude Include="external\bullet\BulletCollision\BroadphaseCollision\btOverlappingPairCache.h" />
    <ClInclude Include="external\bullet\BulletCollision\BroadphaseCollision\btOverlappingPairCallback.h" />
    <ClInclude Include="external\bullet\BulletCollision\BroadphaseCollision\btQuantizedBvh.h" />
    <ClInclude Include="external\bullet\BulletCollision\BroadphaseCollision\btSimpleBroadphase.h" />
    <ClInclude Include="external\bullet\BulletCollision\CollisionDispatch\btActivatingCollisionAlgorithm.h" />
    <ClInclude Include="external\bullet\BulletCollision\CollisionDispatch\btBox2dBox2dCollisionAlgorithm.h" />
    <ClInclude Include="external\bullet\BulletCollision\CollisionDispatch\btBoxBoxCollisionAlgorithm.h" />
    <ClInclude Include="external\bullet\BulletCollision\CollisionDispatch\btBoxBoxDetector.h" />
    <ClInclude Include="external\bullet\BulletCollision\CollisionDispatch\btCollisionConfiguration.h" />
    <ClInclude Include="external\bullet\BulletCollision\CollisionDispatch\btCollisionCreateFunc.h" />
    <ClInclude Include="external\bullet\BulletCollision\CollisionDispatch\btCollisionDispatcher.h" />
    <ClInclude Include="external\bullet\BulletCollision\CollisionDispatch\btCollisionDispatcherMt.h" />
    <ClInclude Include="external\bullet\BulletCollision\CollisionDispatch\btCollisionObject.h" />
    <ClInclude Include="external\bullet\BulletCollision\CollisionDispatch\btCollisionObjectWrapper.h" />
    <ClInclude Include="external\bullet\BulletCollision\CollisionDispatch\btCollisionWorld.h" />
    <ClInclude Include="external\bullet\BulletCollision\CollisionDispatch\btCollisionWorldImporter.h" />
    <ClInclude Include="external\bullet\BulletCollision\CollisionDispatch\btCompoundCollisionAlgorithm.h" />
    <ClInclude Include="external\bullet\BulletCollision\CollisionDispatch\btCompoundCompoundCollisionAlgorithm.h" />
    <ClInclude Include="external\bullet\BulletCollision\CollisionDispatch\btConvex2dConvex2dAlgorithm.h" />
    <ClInclude Include="external\bullet\BulletCollision\CollisionDispatch\btConvexConcaveCollisionAlgorithm.h" />
    <ClInclude Include="external\bullet\BulletCollision\CollisionDispatch\btConvexConvexAlgorithm.h" />
    <ClInclude Include="external\bullet\BulletCollision\CollisionDispatch\btConvexPlaneCollisionAlgorithm.h" />
    <ClInclude Include="external\bullet\BulletCollision\CollisionDispatch\btDefaultCollisionConfiguration.h" />
    <ClInclude Include="external\bullet\BulletCollision\CollisionDispatch\btEmptyCollisionAlgorithm.h" />
    <ClInclude Include="external\bullet\BulletCollision\CollisionDispatch\btGhostObject.h" />
    <ClInclude Include="external\bullet\BulletCollision\CollisionDispatch\btHashedSimplePairCache.h" />
    <ClInclude Include="external\bullet\BulletCollision\CollisionDispatch\btInternalEdgeUtility.h" />
    <ClInclude Include="external\bullet\BulletCollision\CollisionDispatch\btManifoldResult.h" />
    <ClInclude Include="external\bullet\BulletCollision\CollisionDispatch\btSimulationIslandManager.h" />
    <ClInclude Include="external\bullet\BulletCollision\CollisionDispatch\btSphereBoxCollisionAlgorithm.h" />
    <ClInclude Include="external\bullet\BulletCollision\CollisionDispatch\btSphereSphereCollisionAlgorithm.h" />
    <ClInclude Include="external\bullet\BulletCollision\CollisionDispatch\btSphereTriangleCollisionAlgorithm.h" />
    <ClInclude Include="external\bullet\BulletCollision\CollisionDispatch\btUnionFind.h" />
    <ClInclude Include="external\bullet\BulletCollision\CollisionDispatch\SphereTriangleDetector.h" />
    <ClInclude Include="external\bullet\BulletCollision\CollisionShapes\btBox2dShape.h" />
    <ClInclude Include="external\bullet\BulletCollision\CollisionShapes\btBoxShape.h" />
    <ClInclude Include="external\bullet\BulletCollision\CollisionShapes\btBvhTriangleMeshShape.h" />
    <ClInclude Include="external\bullet\BulletCollision\CollisionShapes\btCapsuleShape.h" />
    <ClInclude Include="external\bullet\BulletCollision\CollisionShapes\btCollisionMargin.h" />
    <ClInclude Include="external\bullet\BulletCollision\CollisionShapes\btCollisionShape.h" />
    <ClInclude Include="external\bullet\BulletCollision\CollisionShapes\btCompoundShape.h" />
    <ClInclude Include="external\bullet\BulletCollision\CollisionShapes\btConcaveShape.h" />
    <ClInclude Include="external\bullet\BulletCollision\CollisionShapes\btConeShape.h" />
    <ClInclude Include="external\bullet\BulletCollision\CollisionShapes\btConvex2dShape.h" />
    <ClInclude Include="external\bullet\BulletCollision\CollisionShapes\btConvexHullShape.h" />
    <ClInclude Include="external\bullet\BulletCollision\CollisionShapes\btConvexInternalShape.h" />
    <ClInclude Include="external\bullet\BulletCollision\CollisionShapes\btConvexPointCloudShape.h" />
    <ClInclude Include="external\bullet\BulletCollision\CollisionShapes\btConvexPolyhedron.h" />
    <ClInclude Include="external\bullet\BulletCollision\CollisionShapes\btConvexShape.h" />
    <ClInclude Include="external\bullet\BulletCollision\CollisionShapes\btConvexTriangleMeshShape.h" />
    <ClInclude Include="external\bullet\BulletCollision\CollisionShapes\btCylinderShape.h" />
    <ClInclude Include="external\bullet\BulletCollision\CollisionShapes\btEmptyShape.h" />
    <ClInclude Include="external\bullet\BulletCollision\CollisionShapes\btHeightfieldTerrainShape.h" />
    <ClInclude Include="external\bullet\BulletCollision\CollisionShapes\btMaterial.h" />
    <ClInclude Include="external\bullet\BulletCollision\CollisionShapes\btMiniSDF.h" />
    <ClInclude Include="external\bullet\BulletCollision\CollisionShapes\btMinkowskiSumShape.h" />
    <ClInclude Include="external\bullet\BulletCollision\CollisionShapes\btMultimaterialTriangleMeshShape.h" />
    <ClInclude Include="external\bullet\BulletCollision\CollisionShapes\btMultiSphereShape.h" />
    <ClInclude Include="external\bullet\BulletCollision\CollisionShapes\btOptimizedBvh.h" />
    <ClInclude Include="external\bullet\BulletCollision\CollisionShapes\btPolyhedralConvexShape.h" />
    <ClInclude Include="external\bullet\BulletCollision\CollisionShapes\btScaledBvhTriangleMeshShape.h" />
    <ClInclude Include="external\bullet\BulletCollision\CollisionShapes\btSdfCollisionShape.h" />
    <ClInclude Include="external\bullet\BulletCollision\CollisionShapes\btShapeHull.h" />
    <ClInclude Include="external\bullet\BulletCollision\CollisionShapes\btSphereShape.h" />
    <ClInclude Include="external\bullet\BulletCollision\CollisionShapes\btStaticPlaneShape.h" />
    <ClInclude Include="external\bullet\BulletCollision\CollisionShapes\btStridingMeshInterface.h" />
    <ClInclude Include="external\bullet\BulletCollision\CollisionShapes\btTetrahedronShape.h" />
    <ClInclude Include="external\bullet\BulletCollision\CollisionShapes\btTriangleBuffer.h" />
    <ClInclude Include="external\bullet\BulletCollision\CollisionShapes\btTriangleCallback.h" />
    <ClInclude Include="external\bullet\BulletCollision\CollisionShapes\btTriangleIndexVertexArray.h" />
    <ClInclude Include="external\bullet\BulletCollision\CollisionShapes\btTriangleIndexVertexMaterialArray.h" />
    <ClInclude Include="external\bullet\BulletCollision\CollisionShapes\btTriangleInfoMap.h" />
    <ClInclude Include="external\bullet\BulletCollision\CollisionShapes\btTriangleMesh.h" />
    <ClInclude Include="external\bullet\BulletCollision\CollisionShapes\btTriangleMeshShape.h" />
    <ClInclude Include="external\bullet\BulletCollision\CollisionShapes\btTriangleShape.h" />
    <ClInclude Include="external\bullet\BulletCollision\CollisionShapes\btUniformScalingShape.h" />
    <ClInclude Include="external\bullet\BulletCollision\Gimpact\btBoxCollision.h" />
    <ClInclude Include="external\bullet\BulletCollision\Gimpact\btClipPolygon.h" />
    <ClInclude Include="external\bullet\BulletCollision\Gimpact\btCompoundFromGimpact.h" />
    <ClInclude Include="external\bullet\BulletCollision\Gimpact\btContactProcessing.h" />
    <ClInclude Include="external\bullet\BulletCollision\Gimpact\btContactProcessingStructs.h" />
    <ClInclude Include="external\bullet\BulletCollision\Gimpact\btGenericPoolAllocator.h" />
    <ClInclude Include="external\bullet\BulletCollision\Gimpact\btGeometryOperations.h" />
    <ClInclude Include="external\bullet\BulletCollision\Gimpact\btGImpactBvh.h" />
    <ClInclude Include="external\bullet\BulletCollision\Gimpact\btGImpactBvhStructs.h" />
    <ClInclude Include="external\bullet\BulletCollision\Gimpact\btGImpactCollisionAlgorithm.h" />
    <ClInclude Include="external\bullet\BulletCollision\Gimpact\btGImpactMassUtil.h" />
    <ClInclude Include="external\bullet\BulletCollision\Gimpact\btGImpactQuantizedBvh.h" />
    <ClInclude Include="external\bullet\BulletCollision\Gimpact\btGImpactQuantizedBvhStructs.h" />
    <ClInclude Include="external\bullet\BulletCollision\Gimpact\btGImpactShape.h" />
    <ClInclude Include="external\bullet\BulletCollision\Gimpact\btQuantization.h" />
    <ClInclude Include="external\bullet\BulletCollision\Gimpact\btTriangleShapeEx.h" />
    <ClInclude Include="external\bullet\BulletCollision\Gimpact\gim_array.h" />
    <ClInclude Include="external\bullet\BulletCollision\Gimpact\gim_basic_geometry_operations.h" />
    <ClInclude Include="external\bullet\BulletCollision\Gimpact\gim_bitset.h" />
    <ClInclude Include="external\bullet\BulletCollision\Gimpact\gim_box_collision.h" />
    <ClInclude Include="external\bullet\BulletCollision\Gimpact\gim_box_set.h" />
    <ClInclude Include="external\bullet\BulletCollision\Gimpact\gim_clip_polygon.h" />
    <ClInclude Include="external\bullet\BulletCollision\Gimpact\gim_contact.h" />
    <ClInclude Include="external\bullet\BulletCollision\Gimpact\gim_geom_types.h" />
    <ClInclude Include="external\bullet\BulletCollision\Gimpact\gim_geometry.h" />
    <ClInclude Include="external\bullet\BulletCollision\Gimpact\gim_hash_table.h" />
    <ClInclude Include="external\bullet\BulletCollision\Gimpact\gim_linear_math.h" />
    <ClInclude Include="external\bullet\BulletCollision\Gimpact\gim_math.h" />
    <ClInclude Include="external\bullet\BulletCollision\Gimpact\gim_memory.h" />
    <ClInclude Include="external\bullet\BulletCollision\Gimpact\gim_pair.h" />
    <ClInclude Include="external\bullet\BulletCollision\Gimpact\gim_radixsort.h" />
    <ClInclude Include="external\bullet\BulletCollision\Gimpact\gim_tri_collision.h" />
    <ClInclude Include="external\bullet\BulletCollision\NarrowPhaseCollision\btComputeGjkEpaPenetration.h" />
    <ClInclude Include="external\bullet\BulletCollision\NarrowPhaseCollision\btContinuousConvexCollision.h" />
    <ClInclude Include="external\bullet\BulletCollision\NarrowPhaseCollision\btConvexCast.h" />
    <ClInclude Include="external\bullet\BulletCollision\NarrowPhaseCollision\btConvexPenetrationDepthSolver.h" />
    <ClInclude Include="external\bullet\BulletCollision\NarrowPhaseCollision\btDiscreteCollisionDetectorInterface.h" />
    <ClInclude Include="external\bullet\BulletCollision\NarrowPhaseCollision\btGjkCollisionDescription.h" />
    <ClInclude Include="external\bullet\BulletCollision\NarrowPhaseCollision\btGjkConvexCast.h" />
    <ClInclude Include="external\bullet\BulletCollision\NarrowPhaseCollision\btGjkEpa2.h" />
    <ClInclude Include="external\bullet\BulletCollision\NarrowPhaseCollision\btGjkEpa3.h" />
    <ClInclude Include="external\bullet\BulletCollision\NarrowPhaseCollision\btGjkEpaPenetrationDepthSolver.h" />
    <ClInclude Include="external\bullet\BulletCollision\NarrowPhaseCollision\btGjkPairDetector.h" />
    <ClInclude Include="external\bullet\BulletCollision\NarrowPhaseCollision\btManifoldPoint.h" />
    <ClInclude Include="external\bullet\BulletCollision\NarrowPhaseCollision\btMinkowskiPenetrationDepthSolver.h" />
    <ClInclude Include="external\bullet\BulletCollision\NarrowPhaseCollision\btMprPenetration.h" />
    <ClInclude Include="external\bullet\BulletCollision\NarrowPhaseCollision\btPersistentManifold.h" />
    <ClInclude Include="external\bullet\BulletCollision\NarrowPhaseCollision\btPointCollector.h" />
    <ClInclude Include="external\bullet\BulletCollision\NarrowPhaseCollision\btPolyhedralContactClipping.h" />
    <ClInclude Include="external\bullet\BulletCollision\NarrowPhaseCollision\btRaycastCallback.h" />
    <ClInclude Include="external\bullet\BulletCollision\NarrowPhaseCollision\btSimplexSolverInterface.h" />
    <ClInclude Include="external\bullet\BulletCollision\NarrowPhaseCollision\btSubSimplexConvexCast.h" />
    <ClInclude Include="external\bullet\BulletCollision\NarrowPhaseCollision\btVoronoiSimplexSolver.h" />
    <ClInclude Include="external\bullet\BulletCollision\btBulletCollisionCommon.h" />
    <ClInclude Include="external\bullet\BulletDynamics\Character\btCharacterControllerInterface.h" />
    <ClInclude Include="external\bullet\BulletDynamics\Character\btKinematicCharacterController.h" />
    <ClInclude Include="external\bullet\BulletDynamics\ConstraintSolver\btBatchedConstraints.h" />
    <ClInclude Include="external\bullet\BulletDynamics\ConstraintSolver\btConeTwistConstraint.h" />
    <ClInclude Include="external\bullet\BulletDynamics\ConstraintSolver\btConstraintSolver.h" />
    <ClInclude Include="external\bullet\BulletDynamics\ConstraintSolver\btContactConstraint.h" />
    <ClInclude Include="external\bullet\BulletDynamics\ConstraintSolver\btContactSolverInfo.h" />
    <ClInclude Include="external\bullet\BulletDynamics\ConstraintSolver\btFixedConstraint.h" />
    <ClInclude Include="external\bullet\BulletDynamics\ConstraintSolver\btGearConstraint.h" />
    <ClInclude Include="external\bullet\BulletDynamics\ConstraintSolver\btGeneric6DofConstraint.h" />
    <ClInclude Include="external\bullet\BulletDynamics\ConstraintSolver\btGeneric6DofSpring2Constraint.h" />
    <ClInclude Include="external\bullet\BulletDynamics\ConstraintSolver\btGeneric6DofSpringConstraint.h" />
    <ClInclude Include="external\bullet\BulletDynamics\ConstraintSolver\btHinge2Constraint.h" />
    <ClInclude Include="external\bullet\BulletDynamics\ConstraintSolver\btHingeConstraint.h" />
    <ClInclude Include="external\bullet\BulletDynamics\ConstraintSolver\btJacobianEntry.h" />
    <ClInclude Include="external\bullet\BulletDynamics\ConstraintSolver\btNNCGConstraintSolver.h" />
    <ClInclude Include="external\bullet\BulletDynamics\ConstraintSolver\btPoint2PointConstraint.h" />
    <ClInclude Include="external\bullet\BulletDynamics\ConstraintSolver\btSequentialImpulseConstraintSolver.h" />
    <ClInclude Include="external\bullet\BulletDynamics\ConstraintSolver\btSequentialImpulseConstraintSolverMt.h" />
    <ClInclude Include="external\bullet\BulletDynamics\ConstraintSolver\btSliderConstraint.h" />
    <ClInclude Include="external\bullet\BulletDynamics\ConstraintSolver\btSolve2LinearConstraint.h" />
    <ClInclude Include="external\bullet\BulletDynamics\ConstraintSolver\btSolverBody.h" />
    <ClInclude Include="external\bullet\BulletDynamics\ConstraintSolver\btSolverConstraint.h" />
    <ClInclude Include="external\bullet\BulletDynamics\ConstraintSolver\btTypedConstraint.h" />
    <ClInclude Include="external\bullet\BulletDynamics\ConstraintSolver\btUniversalConstraint.h" />
    <ClInclude Include="external\bullet\BulletDynamics\Dynamics\btActionInterface.h" />
    <ClInclude Include="external\bullet\BulletDynamics\Dynamics\btDiscreteDynamicsWorld.h" />
    <ClInclude Include="external\bullet\BulletDynamics\Dynamics\btDiscreteDynamicsWorldMt.h" />
    <ClInclude Include="external\bullet\BulletDynamics\Dynamics\btDynamicsWorld.h" />
    <ClInclude Include="external\bullet\BulletDynamics\Dynamics\btRigidBody.h" />
    <ClInclude Include="external\bullet\BulletDynamics\Dynamics\btSimpleDynamicsWorld.h" />
    <ClInclude Include="external\bullet\BulletDynamics\Dynamics\btSimulationIslandManagerMt.h" />
    <ClInclude Include="external\bullet\BulletDynamics\Featherstone\btMultiBody.h" />
    <ClInclude Include="external\bullet\BulletDynamics\Featherstone\btMultiBodyConstraint.h" />
    <ClInclude Include="external\bullet\BulletDynamics\Featherstone\btMultiBodyConstraintSolver.h" />
    <ClInclude Include="external\bullet\BulletDynamics\Featherstone\btMultiBodyDynamicsWorld.h" />
    <ClInclude Include="external\bullet\BulletDynamics\Featherstone\btMultiBodyFixedConstraint.h" />
    <ClInclude Include="external\bullet\BulletDynamics\Featherstone\btMultiBodyGearConstraint.h" />
    <ClInclude Include="external\bullet\BulletDynamics\Featherstone\btMultiBodyInplaceSolverIslandCallback.h" />
    <ClInclude Include="external\bullet\BulletDynamics\Featherstone\btMultiBodyJointFeedback.h" />
    <ClInclude Include="external\bullet\BulletDynamics\Featherstone\btMultiBodyJointLimitConstraint.h" />
    <ClInclude Include="external\bullet\BulletDynamics\Featherstone\btMultiBodyJointMotor.h" />
    <ClInclude Include="external\bullet\BulletDynamics\Featherstone\btMultiBodyLink.h" />
    <ClInclude Include="external\bullet\BulletDynamics\Featherstone\btMultiBodyLinkCollider.h" />
    <ClInclude Include="external\bullet\BulletDynamics\Featherstone\btMultiBodyMLCPConstraintSolver.h" />
    <ClInclude Include="external\bullet\BulletDynamics\Featherstone\btMultiBodyPoint2Point.h" />
    <ClInclude Include="external\bullet\BulletDynamics\Featherstone\btMultiBodySliderConstraint.h" />
    <ClInclude Include="external\bullet\BulletDynamics\Featherstone\btMultiBodySolverConstraint.h" />
    <ClInclude Include="external\bullet\BulletDynamics\Featherstone\btMultiBodySphericalJointLimit.h" />
    <ClInclude Include="external\bullet\BulletDynamics\Featherstone\btMultiBodySphericalJointMotor.h" />
    <ClInclude Include="external\bullet\BulletDynamics\MLCPSolvers\btDantzigLCP.h" />
    <ClInclude Include="external\bullet\BulletDynamics\MLCPSolvers\btDantzigSolver.h" />
    <ClInclude Include="external\bullet\BulletDynamics\MLCPSolvers\btLemkeAlgorithm.h" />
    <ClInclude Include="external\bullet\BulletDynamics\MLCPSolvers\btLemkeSolver.h" />
    <ClInclude Include="external\bullet\BulletDynamics\MLCPSolvers\btMLCPSolver.h" />
    <ClInclude Include="external\bullet\BulletDynamics\MLCPSolvers\btMLCPSolverInterface.h" />
    <ClInclude Include="external\bullet\BulletDynamics\MLCPSolvers\btPATHSolver.h" />
    <ClInclude Include="external\bullet\BulletDynamics\MLCPSolvers\btSolveProjectedGaussSeidel.h" />
    <ClInclude Include="external\bullet\BulletDynamics\Vehicle\btRaycastVehicle.h" />
    <ClInclude Include="external\bullet\BulletDynamics\Vehicle\btVehicleRaycaster.h" />
    <ClInclude Include="external\bullet\BulletDynamics\Vehicle\btWheelInfo.h" />
    <ClInclude Include="external\bullet\BulletDynamics\btBulletDynamicsCommon.h" />
    <ClInclude Include="external\bullet\BulletMultiThreaded\GpuSoftBodySolvers\DX11\btSoftBodySolver_DX11.h" />
    <ClInclude Include="external\bullet\BulletMultiThreaded\GpuSoftBodySolvers\DX11\btSoftBodySolver_DX11SIMDAware.h" />
    <ClInclude Include="external\bullet\BulletMultiThreaded\GpuSoftBodySolvers\DX11\btSoftBodySolverBuffer_DX11.h" />
    <ClInclude Include="external\bullet\BulletMultiThreaded\GpuSoftBodySolvers\DX11\btSoftBodySolverLinkData_DX11.h" />
    <ClInclude Include="external\bullet\BulletMultiThreaded\GpuSoftBodySolvers\DX11\btSoftBodySolverLinkData_DX11SIMDAware.h" />
    <ClInclude Include="external\bullet\BulletMultiThreaded\GpuSoftBodySolvers\DX11\btSoftBodySolverTriangleData_DX11.h" />
    <ClInclude Include="external\bullet\BulletMultiThreaded\GpuSoftBodySolvers\DX11\btSoftBodySolverVertexBuffer_DX11.h" />
    <ClInclude Include="external\bullet\BulletMultiThreaded\GpuSoftBodySolvers\DX11\btSoftBodySolverVertexData_DX11.h" />
    <ClInclude Include="external\bullet\BulletMultiThreaded\GpuSoftBodySolvers\OpenCL\btSoftBodySolver_OpenCL.h" />
    <ClInclude Include="external\bullet\BulletMultiThreaded\GpuSoftBodySolvers\OpenCL\btSoftBodySolver_OpenCLSIMDAware.h" />
    <ClInclude Include="external\bullet\BulletMultiThreaded\GpuSoftBodySolvers\OpenCL\btSoftBodySolverBuffer_OpenCL.h" />
    <ClInclude Include="external\bullet\BulletMultiThreaded\GpuSoftBodySolvers\OpenCL\btSoftBodySolverLinkData_OpenCL.h" />
    <ClInclude Include="external\bullet\BulletMultiThreaded\GpuSoftBodySolvers\OpenCL\btSoftBodySolverLinkData_OpenCLSIMDAware.h" />
    <ClInclude Include="external\bullet\BulletMultiThreaded\GpuSoftBodySolvers\OpenCL\btSoftBodySolverOutputCLtoGL.h" />
    <ClInclude Include="external\bullet\BulletMultiThreaded\GpuSoftBodySolvers\OpenCL\btSoftBodySolverTriangleData_OpenCL.h" />
    <ClInclude Include="external\bullet\BulletMultiThreaded\GpuSoftBodySolvers\OpenCL\btSoftBodySolverVertexBuffer_OpenGL.h" />
    <ClInclude Include="external\bullet\BulletMultiThreaded\GpuSoftBodySolvers\OpenCL\btSoftBodySolverVertexData_OpenCL.h" />
    <ClInclude Include="external\bullet\BulletMultiThreaded\GpuSoftBodySolvers\Shared\btSoftBodySolverData.h" />
    <ClInclude Include="external\bullet\BulletMultiThreaded\SpuNarrowPhaseCollisionTask\Box.h" />
    <ClInclude Include="external\bullet\BulletMultiThreaded\SpuNarrowPhaseCollisionTask\boxBoxDistance.h" />
    <ClInclude Include="external\bullet\BulletMultiThreaded\SpuNarrowPhaseCollisionTask\SpuCollisionShapes.h" />
    <ClInclude Include="external\bullet\BulletMultiThreaded\SpuNarrowPhaseCollisionTask\SpuContactResult.h" />
    <ClInclude Include="external\bullet\BulletMultiThreaded\SpuNarrowPhaseCollisionTask\SpuConvexPenetrationDepthSolver.h" />
    <ClInclude Include="external\bullet\BulletMultiThreaded\SpuNarrowPhaseCollisionTask\SpuGatheringCollisionTask.h" />
    <ClInclude Include="external\bullet\BulletMultiThreaded\SpuNarrowPhaseCollisionTask\SpuLocalSupport.h" />
    <ClInclude Include="external\bullet\BulletMultiThreaded\SpuNarrowPhaseCollisionTask\SpuMinkowskiPenetrationDepthSolver.h" />
    <ClInclude Include="external\bullet\BulletMultiThreaded\SpuNarrowPhaseCollisionTask\SpuPreferredPenetrationDirections.h" />
    <ClInclude Include="external\bullet\BulletMultiThreaded\SpuSampleTask\SpuSampleTask.h" />
    <ClInclude Include="external\bullet\BulletMultiThreaded\btGpu3DGridBroadphase.h" />
    <ClInclude Include="external\bullet\BulletMultiThreaded\btGpu3DGridBroadphaseSharedCode.h" />
    <ClInclude Include="external\bullet\BulletMultiThreaded\btGpu3DGridBroadphaseSharedDefs.h" />
    <ClInclude Include="external\bullet\BulletMultiThreaded\btGpu3DGridBroadphaseSharedTypes.h" />
    <ClInclude Include="external\bullet\BulletMultiThreaded\btGpuDefines.h" />
    <ClInclude Include="external\bullet\BulletMultiThreaded\btGpuUtilsSharedCode.h" />
    <ClInclude Include="external\bullet\BulletMultiThreaded\btGpuUtilsSharedDefs.h" />
    <ClInclude Include="external\bullet\BulletMultiThreaded\btParallelConstraintSolver.h" />
    <ClInclude Include="external\bullet\BulletMultiThreaded\btThreadSupportInterface.h" />
    <ClInclude Include="external\bullet\BulletMultiThreaded\HeapManager.h" />
    <ClInclude Include="external\bullet\BulletMultiThreaded\PlatformDefinitions.h" />
    <ClInclude Include="external\bullet\BulletMultiThreaded\PosixThreadSupport.h" />
    <ClInclude Include="external\bullet\BulletMultiThreaded\PpuAddressSpace.h" />
    <ClInclude Include="external\bullet\BulletMultiThreaded\SequentialThreadSupport.h" />
    <ClInclude Include="external\bullet\BulletMultiThreaded\SpuCollisionObjectWrapper.h" />
    <ClInclude Include="external\bullet\BulletMultiThreaded\SpuCollisionTaskProcess.h" />
    <ClInclude Include="external\bullet\BulletMultiThreaded\SpuContactManifoldCollisionAlgorithm.h" />
    <ClInclude Include="external\bullet\BulletMultiThreaded\SpuDoubleBuffer.h" />
    <ClInclude Include="external\bullet\BulletMultiThreaded\SpuFakeDma.h" />
    <ClInclude Include="external\bullet\BulletMultiThreaded\SpuGatheringCollisionDispatcher.h" />
    <ClInclude Include="external\bullet\BulletMultiThreaded\SpuLibspe2Support.h" />
    <ClInclude Include="external\bullet\BulletMultiThreaded\SpuSampleTaskProcess.h" />
    <ClInclude Include="external\bullet\BulletMultiThreaded\SpuSync.h" />
    <ClInclude Include="external\bullet\BulletMultiThreaded\TrbDynBody.h" />
    <ClInclude Include="external\bullet\BulletMultiThreaded\TrbStateVec.h" />
    <ClInclude Include="external\bullet\BulletMultiThreaded\vectormath2bullet.h" />
    <ClInclude Include="external\bullet\BulletMultiThreaded\Win32ThreadSupport.h" />
    <ClInclude Include="external\bullet\BulletSoftBody\BulletReducedDeformableBody\btReducedDeformableBody.h" />
    <ClInclude Include="external\bullet\BulletSoftBody\BulletReducedDeformableBody\btReducedDeformableBodyHelpers.h" />
    <ClInclude Include="external\bullet\BulletSoftBody\BulletReducedDeformableBody\btReducedDeformableBodySolver.h" />
    <ClInclude Include="external\bullet\BulletSoftBody\BulletReducedDeformableBody\btReducedDeformableContactConstraint.h" />
    <ClInclude Include="external\bullet\BulletSoftBody\btCGProjection.h" />
    <ClInclude Include="external\bullet\BulletSoftBody\btConjugateGradient.h" />
    <ClInclude Include="external\bullet\BulletSoftBody\btConjugateResidual.h" />
    <ClInclude Include="external\bullet\BulletSoftBody\btDefaultSoftBodySolver.h" />
    <ClInclude Include="external\bullet\BulletSoftBody\btDeformableBackwardEulerObjective.h" />
    <ClInclude Include="external\bullet\BulletSoftBody\btDeformableBodySolver.h" />
    <ClInclude Include="external\bullet\BulletSoftBody\btDeformableContactConstraint.h" />
    <ClInclude Include="external\bullet\BulletSoftBody\btDeformableContactProjection.h" />
    <ClInclude Include="external\bullet\BulletSoftBody\btDeformableCorotatedForce.h" />
    <ClInclude Include="external\bullet\BulletSoftBody\btDeformableGravityForce.h" />
    <ClInclude Include="external\bullet\BulletSoftBody\btDeformableLagrangianForce.h" />
    <ClInclude Include="external\bullet\BulletSoftBody\btDeformableLinearElasticityForce.h" />
    <ClInclude Include="external\bullet\BulletSoftBody\btDeformableMassSpringForce.h" />
    <ClInclude Include="external\bullet\BulletSoftBody\btDeformableMousePickingForce.h" />
    <ClInclude Include="external\bullet\BulletSoftBody\btDeformableMultiBodyConstraintSolver.h" />
    <ClInclude Include="external\bullet\BulletSoftBody\btDeformableMultiBodyDynamicsWorld.h" />
    <ClInclude Include="external\bullet\BulletSoftBody\btDeformableNeoHookeanForce.h" />
    <ClInclude Include="external\bullet\BulletSoftBody\btKrylovSolver.h" />
    <ClInclude Include="external\bullet\BulletSoftBody\btPreconditioner.h" />
    <ClInclude Include="external\bullet\BulletSoftBody\btSoftBody.h" />
    <ClInclude Include="external\bullet\BulletSoftBody\btSoftBodyConcaveCollisionAlgorithm.h" />
    <ClInclude Include="external\bullet\BulletSoftBody\btSoftBodyData.h" />
    <ClInclude Include="external\bullet\BulletSoftBody\btSoftBodyHelpers.h" />
    <ClInclude Include="external\bullet\BulletSoftBody\btSoftBodyInternals.h" />
    <ClInclude Include="external\bullet\BulletSoftBody\btSoftBodyRigidBodyCollisionConfiguration.h" />
    <ClInclude Include="external\bullet\BulletSoftBody\btSoftBodySolvers.h" />
    <ClInclude Include="external\bullet\BulletSoftBody\btSoftBodySolverVertexBuffer.h" />
    <ClInclude Include="external\bullet\BulletSoftBody\btSoftMultiBodyDynamicsWorld.h" />
    <ClInclude Include="external\bullet\BulletSoftBody\btSoftRigidCollisionAlgorithm.h" />
    <ClInclude Include="external\bullet\BulletSoftBody\btSoftRigidDynamicsWorld.h" />
    <ClInclude Include="external\bullet\BulletSoftBody\btSoftSoftCollisionAlgorithm.h" />
    <ClInclude Include="external\bullet\BulletSoftBody\btSparseSDF.h" />
    <ClInclude Include="external\bullet\BulletSoftBody\DeformableBodyInplaceSolverIslandCallback.h" />
    <ClInclude Include="external\bullet\BulletSoftBody\poly34.h" />
    <ClInclude Include="external\bullet\LinearMath\TaskScheduler\btThreadSupportInterface.h" />
    <ClInclude Include="external\bullet\LinearMath\btAabbUtil2.h" />
    <ClInclude Include="external\bullet\LinearMath\btAlignedAllocator.h" />
    <ClInclude Include="external\bullet\LinearMath\btAlignedObjectArray.h" />
    <ClInclude Include="external\bullet\LinearMath\btConvexHull.h" />
    <ClInclude Include="external\bullet\LinearMath\btConvexHullComputer.h" />
    <ClInclude Include="external\bullet\LinearMath\btCpuFeatureUtility.h" />
    <ClInclude Include="external\bullet\LinearMath\btDefaultMotionState.h" />
    <ClInclude Include="external\bullet\LinearMath\btGeometryUtil.h" />
    <ClInclude Include="external\bullet\LinearMath\btGrahamScan2dConvexHull.h" />
    <ClInclude Include="external\bullet\LinearMath\btHashMap.h" />
    <ClInclude Include="external\bullet\LinearMath\btIDebugDraw.h" />
    <ClInclude Include="external\bullet\LinearMath\btImplicitQRSVD.h" />
    <ClInclude Include="external\bullet\LinearMath\btList.h" />
    <ClInclude Include="external\bullet\LinearMath\btMatrix3x3.h" />
    <ClInclude Include="external\bullet\LinearMath\btMatrixX.h" />
    <ClInclude Include="external\bullet\LinearMath\btMinMax.h" />
    <ClInclude Include="external\bullet\LinearMath\btModifiedGramSchmidt.h" />
    <ClInclude Include="external\bullet\LinearMath\btMotionState.h" />
    <ClInclude Include="external\bullet\LinearMath\btPolarDecomposition.h" />
    <ClInclude Include="external\bullet\LinearMath\btPoolAllocator.h" />
    <ClInclude Include="external\bullet\LinearMath\btQuadWord.h" />
    <ClInclude Include="external\bullet\LinearMath\btQuaternion.h" />
    <ClInclude Include="external\bullet\LinearMath\btQuickprof.h" />
    <ClInclude Include="external\bullet\LinearMath\btRandom.h" />
    <ClInclude Include="external\bullet\LinearMath\btReducedVector.h" />
    <ClInclude Include="external\bullet\LinearMath\btScalar.h" />
    <ClInclude Include="external\bullet\LinearMath\btSerializer.h" />
    <ClInclude Include="external\bullet\LinearMath\btSpatialAlgebra.h" />
    <ClInclude Include="external\bullet\LinearMath\btStackAlloc.h" />
    <ClInclude Include="external\bullet\LinearMath\btThreads.h" />
    <ClInclude Include="external\bullet\LinearMath\btTransform.h" />
    <ClInclude Include="external\bullet\LinearMath\btTransformUtil.h" />
    <ClInclude Include="external\bullet\LinearMath\btVector3.h" />
    <ClInclude Include="external\bullet\MiniCL\MiniCLTask\MiniCLTask.h" />
    <ClInclude Include="external\bullet\MiniCL\cl.h" />
    <ClInclude Include="external\bullet\MiniCL\cl_gl.h" />
    <ClInclude Include="external\bullet\MiniCL\cl_MiniCL_Defs.h" />
    <ClInclude Include="external\bullet\MiniCL\cl_platform.h" />
    <ClInclude Include="external\bullet\MiniCL\MiniCLTaskScheduler.h" />
    <ClInclude Include="external\bullet\vectormath\neon\boolInVec.h" />
    <ClInclude Include="external\bullet\vectormath\neon\floatInVec.h" />
    <ClInclude Include="external\bullet\vectormath\neon\mat_aos.h" />
    <ClInclude Include="external\bullet\vectormath\neon\quat_aos.h" />
    <ClInclude Include="external\bullet\vectormath\neon\vec_aos.h" />
    <ClInclude Include="external\bullet\vectormath\neon\vectormath_aos.h" />
    <ClInclude Include="external\bullet\vectormath\scalar\boolInVec.h" />
    <ClInclude Include="external\bullet\vectormath\scalar\floatInVec.h" />
    <ClInclude Include="external\bullet\vectormath\scalar\mat_aos.h" />
    <ClInclude Include="external\bullet\vectormath\scalar\quat_aos.h" />
    <ClInclude Include="external\bullet\vectormath\scalar\vec_aos.h" />
    <ClInclude Include="external\bullet\vectormath\scalar\vectormath_aos.h" />
    <ClInclude Include="external\bullet\vectormath\sse\boolInVec.h" />
    <ClInclude Include="external\bullet\vectormath\sse\floatInVec.h" />
    <ClInclude Include="external\bullet\vectormath\sse\mat_aos.h" />
    <ClInclude Include="external\bullet\vectormath\sse\quat_aos.h" />
    <ClInclude Include="external\bullet\vectormath\sse\vec_aos.h" />
    <ClInclude Include="external\bullet\vectormath\sse\vecidx_aos.h" />
    <ClInclude Include="external\bullet\vectormath\sse\vectormath_aos.h" />
    <ClInclude Include="external\bullet\vectormath\vmInclude.h" />
    <ClInclude Include="external\bullet\btBulletCollisionCommon.h" />
    <ClInclude Include="external\bullet\btBulletDynamicsCommon.h" />
    <ClInclude Include="external\bullet\Bullet-C-Api.h" />
    <ClInclude Include="external\GLES2\gl2.h" />
    <ClInclude Include="external\GLES2\gl2ext.h" />
    <ClInclude Include="external\GLES2\gl2platform.h" />
    <ClInclude Include="external\GLES3\gl3.h" />
    <ClInclude Include="external\GLES3\gl3ext.h" />
    <ClInclude Include="external\GLES3\gl3platform.h" />
    <ClInclude Include="external\GLES3\gl31.h" />
    <ClInclude Include="external\GLES3\gl32.h" />
    <ClInclude Include="external\glm\detail\_features.hpp" />
    <ClInclude Include="external\glm\detail\_fixes.hpp" />
    <ClInclude Include="external\glm\detail\_noise.hpp" />
    <ClInclude Include="external\glm\detail\_swizzle.hpp" />
    <ClInclude Include="external\glm\detail\_swizzle_func.hpp" />
    <ClInclude Include="external\glm\detail\_vectorize.hpp" />
    <ClInclude Include="external\glm\detail\compute_common.hpp" />
    <ClInclude Include="external\glm\detail\compute_vector_relational.hpp" />
    <ClInclude Include="external\glm\detail\qualifier.hpp" />
    <ClInclude Include="external\glm\detail\setup.hpp" />
    <ClInclude Include="external\glm\detail\type_float.hpp" />
    <ClInclude Include="external\glm\detail\type_half.hpp" />
    <ClInclude Include="external\glm\detail\type_mat2x2.hpp" />
    <ClInclude Include="external\glm\detail\type_mat2x3.hpp" />
    <ClInclude Include="external\glm\detail\type_mat2x4.hpp" />
    <ClInclude Include="external\glm\detail\type_mat3x2.hpp" />
    <ClInclude Include="external\glm\detail\type_mat3x3.hpp" />
    <ClInclude Include="external\glm\detail\type_mat3x4.hpp" />
    <ClInclude Include="external\glm\detail\type_mat4x2.hpp" />
    <ClInclude Include="external\glm\detail\type_mat4x3.hpp" />
    <ClInclude Include="external\glm\detail\type_mat4x4.hpp" />
    <ClInclude Include="external\glm\detail\type_quat.hpp" />
    <ClInclude Include="external\glm\detail\type_vec1.hpp" />
    <ClInclude Include="external\glm\detail\type_vec2.hpp" />
    <ClInclude Include="external\glm\detail\type_vec3.hpp" />
    <ClInclude Include="external\glm\detail\type_vec4.hpp" />
    <ClInclude Include="external\glm\ext\_matrix_vectorize.hpp" />
    <ClInclude Include="external\glm\ext\matrix_clip_space.hpp" />
    <ClInclude Include="external\glm\ext\matrix_common.hpp" />
    <ClInclude Include="external\glm\ext\matrix_double2x2.hpp" />
    <ClInclude Include="external\glm\ext\matrix_double2x2_precision.hpp" />
    <ClInclude Include="external\glm\ext\matrix_double2x3.hpp" />
    <ClInclude Include="external\glm\ext\matrix_double2x3_precision.hpp" />
    <ClInclude Include="external\glm\ext\matrix_double2x4.hpp" />
    <ClInclude Include="external\glm\ext\matrix_double2x4_precision.hpp" />
    <ClInclude Include="external\glm\ext\matrix_double3x2.hpp" />
    <ClInclude Include="external\glm\ext\matrix_double3x2_precision.hpp" />
    <ClInclude Include="external\glm\ext\matrix_double3x3.hpp" />
    <ClInclude Include="external\glm\ext\matrix_double3x3_precision.hpp" />
    <ClInclude Include="external\glm\ext\matrix_double3x4.hpp" />
    <ClInclude Include="external\glm\ext\matrix_double3x4_precision.hpp" />
    <ClInclude Include="external\glm\ext\matrix_double4x2.hpp" />
    <ClInclude Include="external\glm\ext\matrix_double4x2_precision.hpp" />
    <ClInclude Include="external\glm\ext\matrix_double4x3.hpp" />
    <ClInclude Include="external\glm\ext\matrix_double4x3_precision.hpp" />
    <ClInclude Include="external\glm\ext\matrix_double4x4.hpp" />
    <ClInclude Include="external\glm\ext\matrix_double4x4_precision.hpp" />
    <ClInclude Include="external\glm\ext\matrix_float2x2.hpp" />
    <ClInclude Include="external\glm\ext\matrix_float2x2_precision.hpp" />
    <ClInclude Include="external\glm\ext\matrix_float2x3.hpp" />
    <ClInclude Include="external\glm\ext\matrix_float2x3_precision.hpp" />
    <ClInclude Include="external\glm\ext\matrix_float2x4.hpp" />
    <ClInclude Include="external\glm\ext\matrix_float2x4_precision.hpp" />
    <ClInclude Include="external\glm\ext\matrix_float3x2.hpp" />
    <ClInclude Include="external\glm\ext\matrix_float3x2_precision.hpp" />
    <ClInclude Include="external\glm\ext\matrix_float3x3.hpp" />
    <ClInclude Include="external\glm\ext\matrix_float3x3_precision.hpp" />
    <ClInclude Include="external\glm\ext\matrix_float3x4.hpp" />
    <ClInclude Include="external\glm\ext\matrix_float3x4_precision.hpp" />
    <ClInclude Include="external\glm\ext\matrix_float4x2.hpp" />
    <ClInclude Include="external\glm\ext\matrix_float4x2_precision.hpp" />
    <ClInclude Include="external\glm\ext\matrix_float4x3.hpp" />
    <ClInclude Include="external\glm\ext\matrix_float4x3_precision.hpp" />
    <ClInclude Include="external\glm\ext\matrix_float4x4.hpp" />
    <ClInclude Include="external\glm\ext\matrix_float4x4_precision.hpp" />
    <ClInclude Include="external\glm\ext\matrix_int2x2.hpp" />
    <ClInclude Include="external\glm\ext\matrix_int2x2_sized.hpp" />
    <ClInclude Include="external\glm\ext\matrix_int2x3.hpp" />
    <ClInclude Include="external\glm\ext\matrix_int2x3_sized.hpp" />
    <ClInclude Include="external\glm\ext\matrix_int2x4.hpp" />
    <ClInclude Include="external\glm\ext\matrix_int2x4_sized.hpp" />
    <ClInclude Include="external\glm\ext\matrix_int3x2.hpp" />
    <ClInclude Include="external\glm\ext\matrix_int3x2_sized.hpp" />
    <ClInclude Include="external\glm\ext\matrix_int3x3.hpp" />
    <ClInclude Include="external\glm\ext\matrix_int3x3_sized.hpp" />
    <ClInclude Include="external\glm\ext\matrix_int3x4.hpp" />
    <ClInclude Include="external\glm\ext\matrix_int3x4_sized.hpp" />
    <ClInclude Include="external\glm\ext\matrix_int4x2.hpp" />
    <ClInclude Include="external\glm\ext\matrix_int4x2_sized.hpp" />
    <ClInclude Include="external\glm\ext\matrix_int4x3.hpp" />
    <ClInclude Include="external\glm\ext\matrix_int4x3_sized.hpp" />
    <ClInclude Include="external\glm\ext\matrix_int4x4.hpp" />
    <ClInclude Include="external\glm\ext\matrix_int4x4_sized.hpp" />
    <ClInclude Include="external\glm\ext\matrix_integer.hpp" />
    <ClInclude Include="external\glm\ext\matrix_projection.hpp" />
    <ClInclude Include="external\glm\ext\matrix_relational.hpp" />
    <ClInclude Include="external\glm\ext\matrix_transform.hpp" />
    <ClInclude Include="external\glm\ext\matrix_uint2x2.hpp" />
    <ClInclude Include="external\glm\ext\matrix_uint2x2_sized.hpp" />
    <ClInclude Include="external\glm\ext\matrix_uint2x3.hpp" />
    <ClInclude Include="external\glm\ext\matrix_uint2x3_sized.hpp" />
    <ClInclude Include="external\glm\ext\matrix_uint2x4.hpp" />
    <ClInclude Include="external\glm\ext\matrix_uint2x4_sized.hpp" />
    <ClInclude Include="external\glm\ext\matrix_uint3x2.hpp" />
    <ClInclude Include="external\glm\ext\matrix_uint3x2_sized.hpp" />
    <ClInclude Include="external\glm\ext\matrix_uint3x3.hpp" />
    <ClInclude Include="external\glm\ext\matrix_uint3x3_sized.hpp" />
    <ClInclude Include="external\glm\ext\matrix_uint3x4.hpp" />
    <ClInclude Include="external\glm\ext\matrix_uint3x4_sized.hpp" />
    <ClInclude Include="external\glm\ext\matrix_uint4x2.hpp" />
    <ClInclude Include="external\glm\ext\matrix_uint4x2_sized.hpp" />
    <ClInclude Include="external\glm\ext\matrix_uint4x3.hpp" />
    <ClInclude Include="external\glm\ext\matrix_uint4x3_sized.hpp" />
    <ClInclude Include="external\glm\ext\matrix_uint4x4.hpp" />
    <ClInclude Include="external\glm\ext\matrix_uint4x4_sized.hpp" />
    <ClInclude Include="external\glm\ext\quaternion_common.hpp" />
    <ClInclude Include="external\glm\ext\quaternion_double.hpp" />
    <ClInclude Include="external\glm\ext\quaternion_double_precision.hpp" />
    <ClInclude Include="external\glm\ext\quaternion_exponential.hpp" />
    <ClInclude Include="external\glm\ext\quaternion_float.hpp" />
    <ClInclude Include="external\glm\ext\quaternion_float_precision.hpp" />
    <ClInclude Include="external\glm\ext\quaternion_geometric.hpp" />
    <ClInclude Include="external\glm\ext\quaternion_relational.hpp" />
    <ClInclude Include="external\glm\ext\quaternion_transform.hpp" />
    <ClInclude Include="external\glm\ext\quaternion_trigonometric.hpp" />
    <ClInclude Include="external\glm\ext\scalar_common.hpp" />
    <ClInclude Include="external\glm\ext\scalar_constants.hpp" />
    <ClInclude Include="external\glm\ext\scalar_int_sized.hpp" />
    <ClInclude Include="external\glm\ext\scalar_integer.hpp" />
    <ClInclude Include="external\glm\ext\scalar_packing.hpp" />
    <ClInclude Include="external\glm\ext\scalar_reciprocal.hpp" />
    <ClInclude Include="external\glm\ext\scalar_relational.hpp" />
    <ClInclude Include="external\glm\ext\scalar_uint_sized.hpp" />
    <ClInclude Include="external\glm\ext\scalar_ulp.hpp" />
    <ClInclude Include="external\glm\ext\vector_bool1.hpp" />
    <ClInclude Include="external\glm\ext\vector_bool1_precision.hpp" />
    <ClInclude Include="external\glm\ext\vector_bool2.hpp" />
    <ClInclude Include="external\glm\ext\vector_bool2_precision.hpp" />
    <ClInclude Include="external\glm\ext\vector_bool3.hpp" />
    <ClInclude Include="external\glm\ext\vector_bool3_precision.hpp" />
    <ClInclude Include="external\glm\ext\vector_bool4.hpp" />
    <ClInclude Include="external\glm\ext\vector_bool4_precision.hpp" />
    <ClInclude Include="external\glm\ext\vector_common.hpp" />
    <ClInclude Include="external\glm\ext\vector_double1.hpp" />
    <ClInclude Include="external\glm\ext\vector_double1_precision.hpp" />
    <ClInclude Include="external\glm\ext\vector_double2.hpp" />
    <ClInclude Include="external\glm\ext\vector_double2_precision.hpp" />
    <ClInclude Include="external\glm\ext\vector_double3.hpp" />
    <ClInclude Include="external\glm\ext\vector_double3_precision.hpp" />
    <ClInclude Include="external\glm\ext\vector_double4.hpp" />
    <ClInclude Include="external\glm\ext\vector_double4_precision.hpp" />
    <ClInclude Include="external\glm\ext\vector_float1.hpp" />
    <ClInclude Include="external\glm\ext\vector_float1_precision.hpp" />
    <ClInclude Include="external\glm\ext\vector_float2.hpp" />
    <ClInclude Include="external\glm\ext\vector_float2_precision.hpp" />
    <ClInclude Include="external\glm\ext\vector_float3.hpp" />
    <ClInclude Include="external\glm\ext\vector_float3_precision.hpp" />
    <ClInclude Include="external\glm\ext\vector_float4.hpp" />
    <ClInclude Include="external\glm\ext\vector_float4_precision.hpp" />
    <ClInclude Include="external\glm\ext\vector_int1.hpp" />
    <ClInclude Include="external\glm\ext\vector_int1_sized.hpp" />
    <ClInclude Include="external\glm\ext\vector_int2.hpp" />
    <ClInclude Include="external\glm\ext\vector_int2_sized.hpp" />
    <ClInclude Include="external\glm\ext\vector_int3.hpp" />
    <ClInclude Include="external\glm\ext\vector_int3_sized.hpp" />
    <ClInclude Include="external\glm\ext\vector_int4.hpp" />
    <ClInclude Include="external\glm\ext\vector_int4_sized.hpp" />
    <ClInclude Include="external\glm\ext\vector_integer.hpp" />
    <ClInclude Include="external\glm\ext\vector_packing.hpp" />
    <ClInclude Include="external\glm\ext\vector_reciprocal.hpp" />
    <ClInclude Include="external\glm\ext\vector_relational.hpp" />
    <ClInclude Include="external\glm\ext\vector_uint1.hpp" />
    <ClInclude Include="external\glm\ext\vector_uint1_sized.hpp" />
    <ClInclude Include="external\glm\ext\vector_uint2.hpp" />
    <ClInclude Include="external\glm\ext\vector_uint2_sized.hpp" />
    <ClInclude Include="external\glm\ext\vector_uint3.hpp" />
    <ClInclude Include="external\glm\ext\vector_uint3_sized.hpp" />
    <ClInclude Include="external\glm\ext\vector_uint4.hpp" />
    <ClInclude Include="external\glm\ext\vector_uint4_sized.hpp" />
    <ClInclude Include="external\glm\ext\vector_ulp.hpp" />
    <ClInclude Include="external\glm\gtc\bitfield.hpp" />
    <ClInclude Include="external\glm\gtc\color_space.hpp" />
    <ClInclude Include="external\glm\gtc\constants.hpp" />
    <ClInclude Include="external\glm\gtc\epsilon.hpp" />
    <ClInclude Include="external\glm\gtc\integer.hpp" />
    <ClInclude Include="external\glm\gtc\matrix_access.hpp" />
    <ClInclude Include="external\glm\gtc\matrix_integer.hpp" />
    <ClInclude Include="external\glm\gtc\matrix_inverse.hpp" />
    <ClInclude Include="external\glm\gtc\matrix_transform.hpp" />
    <ClInclude Include="external\glm\gtc\noise.hpp" />
    <ClInclude Include="external\glm\gtc\packing.hpp" />
    <ClInclude Include="external\glm\gtc\quaternion.hpp" />
    <ClInclude Include="external\glm\gtc\random.hpp" />
    <ClInclude Include="external\glm\gtc\reciprocal.hpp" />
    <ClInclude Include="external\glm\gtc\round.hpp" />
    <ClInclude Include="external\glm\gtc\type_aligned.hpp" />
    <ClInclude Include="external\glm\gtc\type_precision.hpp" />
    <ClInclude Include="external\glm\gtc\type_ptr.hpp" />
    <ClInclude Include="external\glm\gtc\ulp.hpp" />
    <ClInclude Include="external\glm\gtc\vec1.hpp" />
    <ClInclude Include="external\glm\gtx\associated_min_max.hpp" />
    <ClInclude Include="external\glm\gtx\bit.hpp" />
    <ClInclude Include="external\glm\gtx\closest_point.hpp" />
    <ClInclude Include="external\glm\gtx\color_encoding.hpp" />
    <ClInclude Include="external\glm\gtx\color_space.hpp" />
    <ClInclude Include="external\glm\gtx\color_space_YCoCg.hpp" />
    <ClInclude Include="external\glm\gtx\common.hpp" />
    <ClInclude Include="external\glm\gtx\compatibility.hpp" />
    <ClInclude Include="external\glm\gtx\component_wise.hpp" />
    <ClInclude Include="external\glm\gtx\dual_quaternion.hpp" />
    <ClInclude Include="external\glm\gtx\easing.hpp" />
    <ClInclude Include="external\glm\gtx\euler_angles.hpp" />
    <ClInclude Include="external\glm\gtx\extend.hpp" />
    <ClInclude Include="external\glm\gtx\extended_min_max.hpp" />
    <ClInclude Include="external\glm\gtx\exterior_product.hpp" />
    <ClInclude Include="external\glm\gtx\fast_exponential.hpp" />
    <ClInclude Include="external\glm\gtx\fast_square_root.hpp" />
    <ClInclude Include="external\glm\gtx\fast_trigonometry.hpp" />
    <ClInclude Include="external\glm\gtx\functions.hpp" />
    <ClInclude Include="external\glm\gtx\gradient_paint.hpp" />
    <ClInclude Include="external\glm\gtx\handed_coordinate_space.hpp" />
    <ClInclude Include="external\glm\gtx\hash.hpp" />
    <ClInclude Include="external\glm\gtx\integer.hpp" />
    <ClInclude Include="external\glm\gtx\intersect.hpp" />
    <ClInclude Include="external\glm\gtx\io.hpp" />
    <ClInclude Include="external\glm\gtx\log_base.hpp" />
    <ClInclude Include="external\glm\gtx\matrix_cross_product.hpp" />
    <ClInclude Include="external\glm\gtx\matrix_decompose.hpp" />
    <ClInclude Include="external\glm\gtx\matrix_factorisation.hpp" />
    <ClInclude Include="external\glm\gtx\matrix_interpolation.hpp" />
    <ClInclude Include="external\glm\gtx\matrix_major_storage.hpp" />
    <ClInclude Include="external\glm\gtx\matrix_operation.hpp" />
    <ClInclude Include="external\glm\gtx\matrix_query.hpp" />
    <ClInclude Include="external\glm\gtx\matrix_transform_2d.hpp" />
    <ClInclude Include="external\glm\gtx\mixed_product.hpp" />
    <ClInclude Include="external\glm\gtx\norm.hpp" />
    <ClInclude Include="external\glm\gtx\normal.hpp" />
    <ClInclude Include="external\glm\gtx\normalize_dot.hpp" />
    <ClInclude Include="external\glm\gtx\number_precision.hpp" />
    <ClInclude Include="external\glm\gtx\optimum_pow.hpp" />
    <ClInclude Include="external\glm\gtx\orthonormalize.hpp" />
    <ClInclude Include="external\glm\gtx\pca.hpp" />
    <ClInclude Include="external\glm\gtx\perpendicular.hpp" />
    <ClInclude Include="external\glm\gtx\polar_coordinates.hpp" />
    <ClInclude Include="external\glm\gtx\projection.hpp" />
    <ClInclude Include="external\glm\gtx\quaternion.hpp" />
    <ClInclude Include="external\glm\gtx\range.hpp" />
    <ClInclude Include="external\glm\gtx\raw_data.hpp" />
    <ClInclude Include="external\glm\gtx\rotate_normalized_axis.hpp" />
    <ClInclude Include="external\glm\gtx\rotate_vector.hpp" />
    <ClInclude Include="external\glm\gtx\scalar_multiplication.hpp" />
    <ClInclude Include="external\glm\gtx\scalar_relational.hpp" />
    <ClInclude Include="external\glm\gtx\spline.hpp" />
    <ClInclude Include="external\glm\gtx\std_based_type.hpp" />
    <ClInclude Include="external\glm\gtx\string_cast.hpp" />
    <ClInclude Include="external\glm\gtx\texture.hpp" />
    <ClInclude Include="external\glm\gtx\transform.hpp" />
    <ClInclude Include="external\glm\gtx\transform2.hpp" />
    <ClInclude Include="external\glm\gtx\type_aligned.hpp" />
    <ClInclude Include="external\glm\gtx\type_trait.hpp" />
    <ClInclude Include="external\glm\gtx\vec_swizzle.hpp" />
    <ClInclude Include="external\glm\gtx\vector_angle.hpp" />
    <ClInclude Include="external\glm\gtx\vector_query.hpp" />
    <ClInclude Include="external\glm\gtx\wrap.hpp" />
    <ClInclude Include="external\glm\simd\common.h" />
    <ClInclude Include="external\glm\simd\exponential.h" />
    <ClInclude Include="external\glm\simd\geometric.h" />
    <ClInclude Include="external\glm\simd\integer.h" />
    <ClInclude Include="external\glm\simd\matrix.h" />
    <ClInclude Include="external\glm\simd\neon.h" />
    <ClInclude Include="external\glm\simd\packing.h" />
    <ClInclude Include="external\glm\simd\platform.h" />
    <ClInclude Include="external\glm\simd\trigonometric.h" />
    <ClInclude Include="external\glm\simd\vector_relational.h" />
    <ClInclude Include="external\glm\common.hpp" />
    <ClInclude Include="external\glm\exponential.hpp" />
    <ClInclude Include="external\glm\ext.hpp" />
    <ClInclude Include="external\glm\fwd.hpp" />
    <ClInclude Include="external\glm\geometric.hpp" />
    <ClInclude Include="external\glm\glm.hpp" />
    <ClInclude Include="external\glm\integer.hpp" />
    <ClInclude Include="external\glm\mat2x2.hpp" />
    <ClInclude Include="external\glm\mat2x3.hpp" />
    <ClInclude Include="external\glm\mat2x4.hpp" />
    <ClInclude Include="external\glm\mat3x2.hpp" />
    <ClInclude Include="external\glm\mat3x3.hpp" />
    <ClInclude Include="external\glm\mat3x4.hpp" />
    <ClInclude Include="external\glm\mat4x2.hpp" />
    <ClInclude Include="external\glm\mat4x3.hpp" />
    <ClInclude Include="external\glm\mat4x4.hpp" />
    <ClInclude Include="external\glm\matrix.hpp" />
    <ClInclude Include="external\glm\packing.hpp" />
    <ClInclude Include="external\glm\trigonometric.hpp" />
    <ClInclude Include="external\glm\vec2.hpp" />
    <ClInclude Include="external\glm\vec3.hpp" />
    <ClInclude Include="external\glm\vec4.hpp" />
    <ClInclude Include="external\glm\vector_relational.hpp" />
    <ClInclude Include="external\Imgui\imconfig.h" />
    <ClInclude Include="external\Imgui\imgui.h" />
    <ClInclude Include="external\Imgui\imgui_impl_opengl3.h" />
    <ClInclude Include="external\Imgui\imgui_impl_opengl3_loader.h" />
    <ClInclude Include="external\Imgui\imgui_internal.h" />
    <ClInclude Include="external\Imgui\imstb_rectpack.h" />
    <ClInclude Include="external\Imgui\imstb_textedit.h" />
    <ClInclude Include="external\Imgui\imstb_truetype.h" />
    <ClInclude Include="external\KHR\khrplatform.h" />
  </ItemGroup>
  <ItemGroup>
    <Image Include="assets\font.png">
      <Filter>assets</Filter>
    </Image>
    <Image Include="assets\spec.jpg">
      <Filter>assets</Filter>
    </Image>
    <Image Include="assets\wall.jpg" />
    <Image Include="assets\tiled\castle\Textures\barrel.png" />
    <Image Include="assets\tiled\castle\Textures\bricks.png" />
    <Image Include="assets\tiled\castle\Textures\fence.png" />
    <Image Include="assets\tiled\castle\Textures\planks.png" />
    <Image Include="assets\tiled\castle\Textures\roof.png" />
    <Image Include="assets\tiled\castle\Textures\stones.png" />
    <Image Include="assets\tiled\castle\Textures\stonesPainted.png" />
    <Image Include="assets\skybox\nx.jpg" />
    <Image Include="assets\skybox\ny.jpg" />
    <Image Include="assets\skybox\nz.jpg" />
    <Image Include="assets\skybox\px.jpg" />
    <Image Include="assets\skybox\py.jpg" />
    <Image Include="assets\skybox\pz.jpg" />
    <Image Include="assets\textures\diffuse.jpg" />
  </ItemGroup>
  <ItemGroup>
    <None Include="assets\tiled\map.tmx" />
    <None Include="assets\shaders\DebugVert.vert" />
    <None Include="assets\shaders\ModelLoading.frag" />
    <None Include="assets\shaders\ModelLoading.vert" />
    <None Include="assets\shaders\Skinned.frag" />
    <None Include="assets\shaders\Skinned.vert" />
    <None Include="assets\shaders\Skybox.frag" />
    <None Include="assets\shaders\Skybox.vert" />
    <None Include="assets\shaders\SolidColor.frag" />
    <None Include="assets\tiled\map1.tmx" />
    <None Include="assets\tiled\map2.tmx" />
    <None Include="assets\tiled\map3.tmx" />
    <None Include="assets\tiled\map4.tmx" />
    <None Include="assets\shaders\DebugFrag.frag" />
    <None Include="assets\tiled\map5.tmx" />
    <None Include="assets\tiled\map6.tmx" />
    <None Include="assets\tiled\map7.tmx" />
    <None Include="assets\tiled\map8.tmx" />
    <None Include="assets\tiled\castle\battlement.mtl" />
    <None Include="assets\tiled\castle\battlement.ob" />
    <None Include="assets\tiled\castle\battlementcornerinner.mtl" />
    <None Include="assets\tiled\castle\battlementcornerinner.ob" />
    <None Include="assets\tiled\castle\battlementcornerouter.mtl" />
    <None Include="assets\tiled\castle\battlementcornerouter.ob" />
    <None Include="assets\tiled\castle\battlementhalf.mtl" />
    <None Include="assets\tiled\castle\battlementhalf.ob" />
    <None Include="assets\tiled\castle\column.mtl" />
    <None Include="assets\tiled\castle\column.ob" />
    <None Include="assets\tiled\castle\columndamaged.mtl" />
    <None Include="assets\tiled\castle\columndamaged.ob" />
    <None Include="assets\tiled\castle\columnpaint.mtl" />
    <None Include="assets\tiled\castle\columnpaint.ob" />
    <None Include="assets\tiled\castle\columnpaintdamaged.mtl" />
    <None Include="assets\tiled\castle\columnpaintdamaged.ob" />
    <None Include="assets\tiled\castle\detailbarrel.mtl" />
    <None Include="assets\tiled\castle\detailbarrel.ob" />
    <None Include="assets\tiled\castle\detailcrate.mtl" />
    <None Include="assets\tiled\castle\detailcrate.ob" />
    <None Include="assets\tiled\castle\detailcratesmall.mtl" />
    <None Include="assets\tiled\castle\detailcratesmall.ob" />
    <None Include="assets\tiled\castle\fence.mtl" />
    <None Include="assets\tiled\castle\fence.ob" />
    <None Include="assets\tiled\castle\floor.mtl" />
    <None Include="assets\tiled\castle\floor.ob" />
    <None Include="assets\tiled\castle\floorflat.mtl" />
    <None Include="assets\tiled\castle\floorflat.ob" />
    <None Include="assets\tiled\castle\floorstairs.mtl" />
    <None Include="assets\tiled\castle\floorstairs.ob" />
    <None Include="assets\tiled\castle\floorstairscornerinner.mtl" />
    <None Include="assets\tiled\castle\floorstairscornerinner.ob" />
    <None Include="assets\tiled\castle\floorstairscornerouter.mtl" />
    <None Include="assets\tiled\castle\floorstairscornerouter.ob" />
    <None Include="assets\tiled\castle\floorsteps.mtl" />
    <None Include="assets\tiled\castle\floorsteps.ob" />
    <None Include="assets\tiled\castle\floorstepscornerinner.mtl" />
    <None Include="assets\tiled\castle\floorstepscornerinner.ob" />
    <None Include="assets\tiled\castle\floorstepscornerouter.mtl" />
    <None Include="assets\tiled\castle\floorstepscornerouter.ob" />
    <None Include="assets\tiled\castle\overhang.mtl" />
    <None Include="assets\tiled\castle\overhang.ob" />
    <None Include="assets\tiled\castle\overhangfence.mtl" />
    <None Include="assets\tiled\castle\overhangfence.ob" />
    <None Include="assets\tiled\castle\overhanground.mtl" />
    <None Include="assets\tiled\castle\overhanground.ob" />
    <None Include="assets\tiled\castle\roof.mtl" />
    <None Include="assets\tiled\castle\roof.ob" />
    <None Include="assets\tiled\castle\roofcorner.mtl" />
    <None Include="assets\tiled\castle\roofcorner.ob" />
    <None Include="assets\tiled\castle\roofedge.mtl" />
    <None Include="assets\tiled\castle\roofedge.ob" />
    <None Include="assets\tiled\castle\structure.mtl" />
    <None Include="assets\tiled\castle\structure.ob" />
    <None Include="assets\tiled\castle\structurepoles.mtl" />
    <None Include="assets\tiled\castle\structurepoles.ob" />
    <None Include="assets\tiled\castle\structurewall.mtl" />
    <None Include="assets\tiled\castle\structurewall.ob" />
    <None Include="assets\tiled\castle\tower.mtl" />
    <None Include="assets\tiled\castle\tower.ob" />
    <None Include="assets\tiled\castle\towerbase.mtl" />
    <None Include="assets\tiled\castle\towerbase.ob" />
    <None Include="assets\tiled\castle\toweredge.mtl" />
    <None Include="assets\tiled\castle\toweredge.ob" />
    <None Include="assets\tiled\castle\towerpaint.mtl" />
    <None Include="assets\tiled\castle\towerpaint.ob" />
    <None Include="assets\tiled\castle\towerpaintbase.mtl" />
    <None Include="assets\tiled\castle\towerpaintbase.ob" />
    <None Include="assets\tiled\castle\towertop.mtl" />
    <None Include="assets\tiled\castle\towertop.ob" />
    <None Include="assets\tiled\castle\wall.mtl" />
    <None Include="assets\tiled\castle\wall.ob" />
    <None Include="assets\tiled\castle\walldetail.mtl" />
    <None Include="assets\tiled\castle\walldetail.ob" />
    <None Include="assets\tiled\castle\wallflat.mtl" />
    <None Include="assets\tiled\castle\wallflat.ob" />
    <None Include="assets\tiled\castle\wallflatgate.mtl" />
    <None Include="assets\tiled\castle\wallflatgate.ob" />
    <None Include="assets\tiled\castle\wallfortified.mtl" />
    <None Include="assets\tiled\castle\wallfortified.ob" />
    <None Include="assets\tiled\castle\wallfortifiedgate.mtl" />
    <None Include="assets\tiled\castle\wallfortifiedgate.ob" />
    <None Include="assets\tiled\castle\wallfortifiedgatehalf.mtl" />
    <None Include="assets\tiled\castle\wallfortifiedgatehalf.ob" />
    <None Include="assets\tiled\castle\wallfortifiedhalf.mtl" />
    <None Include="assets\tiled\castle\wallfortifiedhalf.ob" />
    <None Include="assets\tiled\castle\wallfortifiedpaint.mtl" />
    <None Include="assets\tiled\castle\wallfortifiedpaint.ob" />
    <None Include="assets\tiled\castle\wallfortifiedpaintgate.mtl" />
    <None Include="assets\tiled\castle\wallfortifiedpaintgate.ob" />
    <None Include="assets\tiled\castle\wallfortifiedpainthalf.mtl" />
    <None Include="assets\tiled\castle\wallfortifiedpainthalf.ob" />
    <None Include="assets\tiled\castle\wallgate.mtl" />
    <None Include="assets\tiled\castle\wallgate.ob" />
    <None Include="assets\tiled\castle\wallgatehalf.mtl" />
    <None Include="assets\tiled\castle\wallgatehalf.ob" />
    <None Include="assets\tiled\castle\wallhalf.mtl" />
    <None Include="assets\tiled\castle\wallhalf.ob" />
    <None Include="assets\tiled\castle\walllow.mtl" />
    <None Include="assets\tiled\castle\walllow.ob" />
    <None Include="assets\tiled\castle\wallpaint.mtl" />
    <None Include="assets\tiled\castle\wallpaint.ob" />
    <None Include="assets\tiled\castle\wallpaintdetail.mtl" />
    <None Include="assets\tiled\castle\wallpaintdetail.ob" />
    <None Include="assets\tiled\castle\wallpaintflat.mtl" />
    <None Include="assets\tiled\castle\wallpaintflat.ob" />
    <None Include="assets\tiled\castle\wallpaintgate.mtl" />
    <None Include="assets\tiled\castle\wallpaintgate.ob" />
    <None Include="assets\tiled\castle\wallpainthalf.mtl" />
    <None Include="assets\tiled\castle\wallpainthalf.ob" />
    <None Include="assets\shaders\BasicVertexShader.vert" />
    <None Include="external\assimp\color4.inl" />
    <None Include="external\assimp\material.inl" />
    <None Include="external\assimp\matrix3x3.inl" />
    <None Include="external\assimp\matrix4x4.inl" />
    <None Include="external\assimp\quaternion.inl" />
    <None Include="external\assimp\SmoothingGroups.inl" />
    <None Include="external\assimp\vector2.inl" />
    <None Include="external\assimp\vector3.inl" />
    <None Include="external\glm\detail\func_common.inl" />
    <None Include="external\glm\detail\func_common_simd.inl" />
    <None Include="external\glm\detail\func_exponential.inl" />
    <None Include="external\glm\detail\func_exponential_simd.inl" />
    <None Include="external\glm\detail\func_geometric.inl" />
    <None Include="external\glm\detail\func_geometric_simd.inl" />
    <None Include="external\glm\detail\func_integer.inl" />
    <None Include="external\glm\detail\func_integer_simd.inl" />
    <None Include="external\glm\detail\func_matrix.inl" />
    <None Include="external\glm\detail\func_matrix_simd.inl" />
    <None Include="external\glm\detail\func_packing.inl" />
    <None Include="external\glm\detail\func_packing_simd.inl" />
    <None Include="external\glm\detail\func_trigonometric.inl" />
    <None Include="external\glm\detail\func_trigonometric_simd.inl" />
    <None Include="external\glm\detail\func_vector_relational.inl" />
    <None Include="external\glm\detail\func_vector_relational_simd.inl" />
    <None Include="external\glm\detail\type_half.inl" />
    <None Include="external\glm\detail\type_mat2x2.inl" />
    <None Include="external\glm\detail\type_mat2x3.inl" />
    <None Include="external\glm\detail\type_mat2x4.inl" />
    <None Include="external\glm\detail\type_mat3x2.inl" />
    <None Include="external\glm\detail\type_mat3x3.inl" />
    <None Include="external\glm\detail\type_mat3x4.inl" />
    <None Include="external\glm\detail\type_mat4x2.inl" />
    <None Include="external\glm\detail\type_mat4x3.inl" />
    <None Include="external\glm\detail\type_mat4x4.inl" />
    <None Include="external\glm\detail\type_mat4x4_simd.inl" />
    <None Include="external\glm\detail\type_quat.inl" />
    <None Include="external\glm\detail\type_quat_simd.inl" />
    <None Include="external\glm\detail\type_vec1.inl" />
    <None Include="external\glm\detail\type_vec2.inl" />
    <None Include="external\glm\detail\type_vec3.inl" />
    <None Include="external\glm\detail\type_vec4.inl" />
    <None Include="external\glm\detail\type_vec4_simd.inl" />
    <None Include="external\glm\ext\matrix_clip_space.inl" />
    <None Include="external\glm\ext\matrix_common.inl" />
    <None Include="external\glm\ext\matrix_integer.inl" />
    <None Include="external\glm\ext\matrix_projection.inl" />
    <None Include="external\glm\ext\matrix_relational.inl" />
    <None Include="external\glm\ext\matrix_transform.inl" />
    <None Include="external\glm\ext\quaternion_common.inl" />
    <None Include="external\glm\ext\quaternion_common_simd.inl" />
    <None Include="external\glm\ext\quaternion_exponential.inl" />
    <None Include="external\glm\ext\quaternion_geometric.inl" />
    <None Include="external\glm\ext\quaternion_relational.inl" />
    <None Include="external\glm\ext\quaternion_transform.inl" />
    <None Include="external\glm\ext\quaternion_trigonometric.inl" />
    <None Include="external\glm\ext\scalar_common.inl" />
    <None Include="external\glm\ext\scalar_constants.inl" />
    <None Include="external\glm\ext\scalar_integer.inl" />
    <None Include="external\glm\ext\scalar_packing.inl" />
    <None Include="external\glm\ext\scalar_reciprocal.inl" />
    <None Include="external\glm\ext\scalar_relational.inl" />
    <None Include="external\glm\ext\scalar_ulp.inl" />
    <None Include="external\glm\ext\vector_common.inl" />
    <None Include="external\glm\ext\vector_integer.inl" />
    <None Include="external\glm\ext\vector_packing.inl" />
    <None Include="external\glm\ext\vector_reciprocal.inl" />
    <None Include="external\glm\ext\vector_relational.inl" />
    <None Include="external\glm\ext\vector_ulp.inl" />
    <None Include="external\glm\gtc\bitfield.inl" />
    <None Include="external\glm\gtc\color_space.inl" />
    <None Include="external\glm\gtc\constants.inl" />
    <None Include="external\glm\gtc\epsilon.inl" />
    <None Include="external\glm\gtc\integer.inl" />
    <None Include="external\glm\gtc\matrix_access.inl" />
    <None Include="external\glm\gtc\matrix_inverse.inl" />
    <None Include="external\glm\gtc\matrix_transform.inl" />
    <None Include="external\glm\gtc\noise.inl" />
    <None Include="external\glm\gtc\packing.inl" />
    <None Include="external\glm\gtc\quaternion.inl" />
    <None Include="external\glm\gtc\quaternion_simd.inl" />
    <None Include="external\glm\gtc\random.inl" />
    <None Include="external\glm\gtc\round.inl" />
    <None Include="external\glm\gtc\type_precision.inl" />
    <None Include="external\glm\gtc\type_ptr.inl" />
    <None Include="external\glm\gtc\ulp.inl" />
    <None Include="external\glm\gtx\associated_min_max.inl" />
    <None Include="external\glm\gtx\bit.inl" />
    <None Include="external\glm\gtx\closest_point.inl" />
    <None Include="external\glm\gtx\color_encoding.inl" />
    <None Include="external\glm\gtx\color_space.inl" />
    <None Include="external\glm\gtx\color_space_YCoCg.inl" />
    <None Include="external\glm\gtx\common.inl" />
    <None Include="external\glm\gtx\compatibility.inl" />
    <None Include="external\glm\gtx\component_wise.inl" />
    <None Include="external\glm\gtx\dual_quaternion.inl" />
    <None Include="external\glm\gtx\easing.inl" />
    <None Include="external\glm\gtx\euler_angles.inl" />
    <None Include="external\glm\gtx\extend.inl" />
    <None Include="external\glm\gtx\extended_min_max.inl" />
    <None Include="external\glm\gtx\exterior_product.inl" />
    <None Include="external\glm\gtx\fast_exponential.inl" />
    <None Include="external\glm\gtx\fast_square_root.inl" />
    <None Include="external\glm\gtx\fast_trigonometry.inl" />
    <None Include="external\glm\gtx\float_notmalize.inl" />
    <None Include="external\glm\gtx\functions.inl" />
    <None Include="external\glm\gtx\gradient_paint.inl" />
    <None Include="external\glm\gtx\handed_coordinate_space.inl" />
    <None Include="external\glm\gtx\hash.inl" />
    <None Include="external\glm\gtx\integer.inl" />
    <None Include="external\glm\gtx\intersect.inl" />
    <None Include="external\glm\gtx\io.inl" />
    <None Include="external\glm\gtx\log_base.inl" />
    <None Include="external\glm\gtx\matrix_cross_product.inl" />
    <None Include="external\glm\gtx\matrix_decompose.inl" />
    <None Include="external\glm\gtx\matrix_factorisation.inl" />
    <None Include="external\glm\gtx\matrix_interpolation.inl" />
    <None Include="external\glm\gtx\matrix_major_storage.inl" />
    <None Include="external\glm\gtx\matrix_operation.inl" />
    <None Include="external\glm\gtx\matrix_query.inl" />
    <None Include="external\glm\gtx\matrix_transform_2d.inl" />
    <None Include="external\glm\gtx\mixed_product.inl" />
    <None Include="external\glm\gtx\norm.inl" />
    <None Include="external\glm\gtx\normal.inl" />
    <None Include="external\glm\gtx\normalize_dot.inl" />
    <None Include="external\glm\gtx\number_precision.inl" />
    <None Include="external\glm\gtx\optimum_pow.inl" />
    <None Include="external\glm\gtx\orthonormalize.inl" />
    <None Include="external\glm\gtx\pca.inl" />
    <None Include="external\glm\gtx\perpendicular.inl" />
    <None Include="external\glm\gtx\polar_coordinates.inl" />
    <None Include="external\glm\gtx\projection.inl" />
    <None Include="external\glm\gtx\quaternion.inl" />
    <None Include="external\glm\gtx\raw_data.inl" />
    <None Include="external\glm\gtx\rotate_normalized_axis.inl" />
    <None Include="external\glm\gtx\rotate_vector.inl" />
    <None Include="external\glm\gtx\scalar_relational.inl" />
    <None Include="external\glm\gtx\spline.inl" />
    <None Include="external\glm\gtx\std_based_type.inl" />
    <None Include="external\glm\gtx\string_cast.inl" />
    <None Include="external\glm\gtx\texture.inl" />
    <None Include="external\glm\gtx\transform.inl" />
    <None Include="external\glm\gtx\transform2.inl" />
    <None Include="external\glm\gtx\type_aligned.inl" />
    <None Include="external\glm\gtx\type_trait.inl" />
    <None Include="external\glm\gtx\vector_angle.inl" />
    <None Include="external\glm\gtx\vector_query.inl" />
    <None Include="external\glm\gtx\wrap.inl" />
    <None Include="assets\Run.dae" />
  </ItemGroup>
  <ItemGroup>
    <Resource Include="assets\tiled\Tiles.tsx" />
  </ItemGroup>
  <ItemGroup>
    <Font Include="assets\PixelifySans-Regular.ttf" />
  </ItemGroup>
</Project>